
Microsoft Visual Studio Solution File, Format Version 12.00
# Visual Studio 2013
VisualStudioVersion = 12.0.30723.0
MinimumVisualStudioVersion = 10.0.40219.1
Project("{8BC9CEB8-8B4A-11D0-8D11-00A0C91BC942}") = "SpaceGame", "SpaceGame.vcxproj", "{A8B6EFB3-277C-42D6-A05E-78516E547F38}"
	ProjectSection(ProjectDependencies) = postProject
		{392C0116-BA28-41BE-9439-E0248522C0E7} = {392C0116-BA28-41BE-9439-E0248522C0E7}
		{DA49481F-E328-4C1F-927C-44F818D30472} = {DA49481F-E328-4C1F-927C-44F818D30472}
		{ECE7A458-22F2-406C-991E-36D0E579E457} = {ECE7A458-22F2-406C-991E-36D0E579E457}
		{6ADB1B59-6144-467C-ACF0-F5020BE17E77} = {6ADB1B59-6144-467C-ACF0-F5020BE17E77}
		{CB8ECB60-8C6B-4804-BBBF-DACAAED773AC} = {CB8ECB60-8C6B-4804-BBBF-DACAAED773AC}
		{51552B6A-E22C-40CF-94AA-D8646C9354BE} = {51552B6A-E22C-40CF-94AA-D8646C9354BE}
		{4954D18E-70A6-41B4-A6FB-88B1D9F96305} = {4954D18E-70A6-41B4-A6FB-88B1D9F96305}
		{A247CFE6-877A-47B4-AB8B-8DFE7BEC1B9E} = {A247CFE6-877A-47B4-AB8B-8DFE7BEC1B9E}
	EndProjectSection
EndProject
Project("{8BC9CEB8-8B4A-11D0-8D11-00A0C91BC942}") = "plugin", "plugin\plugin.vcxproj", "{A247CFE6-877A-47B4-AB8B-8DFE7BEC1B9E}"
	ProjectSection(ProjectDependencies) = postProject
		{DA49481F-E328-4C1F-927C-44F818D30472} = {DA49481F-E328-4C1F-927C-44F818D30472}
		{C4CB2F58-BB6E-4AB4-894E-25C8EF668DCE} = {C4CB2F58-BB6E-4AB4-894E-25C8EF668DCE}
		{C8C552AA-0FB6-40CA-805D-122E7EB00225} = {C8C552AA-0FB6-40CA-805D-122E7EB00225}
	EndProjectSection
EndProject
Project("{8BC9CEB8-8B4A-11D0-8D11-00A0C91BC942}") = "Logger", "Logger\Logger.vcxproj", "{DA49481F-E328-4C1F-927C-44F818D30472}"
EndProject
Project("{8BC9CEB8-8B4A-11D0-8D11-00A0C91BC942}") = "TestFunkcjiZmiany", "TestFunkcjiZmiany\TestFunkcjiZmiany.vcxproj", "{51552B6A-E22C-40CF-94AA-D8646C9354BE}"
	ProjectSection(ProjectDependencies) = postProject
		{DA49481F-E328-4C1F-927C-44F818D30472} = {DA49481F-E328-4C1F-927C-44F818D30472}
		{4954D18E-70A6-41B4-A6FB-88B1D9F96305} = {4954D18E-70A6-41B4-A6FB-88B1D9F96305}
		{A247CFE6-877A-47B4-AB8B-8DFE7BEC1B9E} = {A247CFE6-877A-47B4-AB8B-8DFE7BEC1B9E}
	EndProjectSection
EndProject
Project("{8BC9CEB8-8B4A-11D0-8D11-00A0C91BC942}") = "makeversion", "makeversion\makeversion.vcxproj", "{4954D18E-70A6-41B4-A6FB-88B1D9F96305}"
EndProject
Project("{930C7802-8A8C-48F9-8165-68863BCCD9DD}") = "Instalator", "Instalator\Instalator.wixproj", "{D58D2BC1-AC37-437A-BD7C-B0A97D4E4B69}"
	ProjectSection(ProjectDependencies) = postProject
		{DA49481F-E328-4C1F-927C-44F818D30472} = {DA49481F-E328-4C1F-927C-44F818D30472}
		{C4CB2F58-BB6E-4AB4-894E-25C8EF668DCE} = {C4CB2F58-BB6E-4AB4-894E-25C8EF668DCE}
		{51552B6A-E22C-40CF-94AA-D8646C9354BE} = {51552B6A-E22C-40CF-94AA-D8646C9354BE}
		{4954D18E-70A6-41B4-A6FB-88B1D9F96305} = {4954D18E-70A6-41B4-A6FB-88B1D9F96305}
		{C8C552AA-0FB6-40CA-805D-122E7EB00225} = {C8C552AA-0FB6-40CA-805D-122E7EB00225}
		{A8B6EFB3-277C-42D6-A05E-78516E547F38} = {A8B6EFB3-277C-42D6-A05E-78516E547F38}
		{A247CFE6-877A-47B4-AB8B-8DFE7BEC1B9E} = {A247CFE6-877A-47B4-AB8B-8DFE7BEC1B9E}
		{A0E3B6F6-0D5E-4BCB-A861-1D4D9DE21B5C} = {A0E3B6F6-0D5E-4BCB-A861-1D4D9DE21B5C}
	EndProjectSection
EndProject
Project("{8BC9CEB8-8B4A-11D0-8D11-00A0C91BC942}") = "TGUI", "TGUI\TGUI.vcxproj", "{6ADB1B59-6144-467C-ACF0-F5020BE17E77}"
	ProjectSection(ProjectDependencies) = postProject
		{392C0116-BA28-41BE-9439-E0248522C0E7} = {392C0116-BA28-41BE-9439-E0248522C0E7}
		{ECE7A458-22F2-406C-991E-36D0E579E457} = {ECE7A458-22F2-406C-991E-36D0E579E457}
		{CB8ECB60-8C6B-4804-BBBF-DACAAED773AC} = {CB8ECB60-8C6B-4804-BBBF-DACAAED773AC}
	EndProjectSection
EndProject
Project("{8BC9CEB8-8B4A-11D0-8D11-00A0C91BC942}") = "FormBuilder", "FormBuilder\FormBuilder.vcxproj", "{7704536C-48E3-4524-92F4-5BD1DB721694}"
	ProjectSection(ProjectDependencies) = postProject
		{392C0116-BA28-41BE-9439-E0248522C0E7} = {392C0116-BA28-41BE-9439-E0248522C0E7}
		{ECE7A458-22F2-406C-991E-36D0E579E457} = {ECE7A458-22F2-406C-991E-36D0E579E457}
		{6ADB1B59-6144-467C-ACF0-F5020BE17E77} = {6ADB1B59-6144-467C-ACF0-F5020BE17E77}
		{CB8ECB60-8C6B-4804-BBBF-DACAAED773AC} = {CB8ECB60-8C6B-4804-BBBF-DACAAED773AC}
	EndProjectSection
EndProject
Project("{2150E333-8FDC-42A3-9474-1A3956D46DE8}") = "SFML", "SFML", "{EECA53DC-7550-4A30-A6A8-C0194C21F91A}"
EndProject
Project("{8BC9CEB8-8B4A-11D0-8D11-00A0C91BC942}") = "SFML_Audio", "SFML\src\SFML\SFML_Audio.vcxproj", "{CE1C0AC7-D05B-433C-A5EE-143E15037AF2}"
	ProjectSection(ProjectDependencies) = postProject
		{CB8ECB60-8C6B-4804-BBBF-DACAAED773AC} = {CB8ECB60-8C6B-4804-BBBF-DACAAED773AC}
	EndProjectSection
EndProject
Project("{8BC9CEB8-8B4A-11D0-8D11-00A0C91BC942}") = "SFML_Graphics", "SFML\src\SFML\SFML_Graphics.vcxproj", "{392C0116-BA28-41BE-9439-E0248522C0E7}"
	ProjectSection(ProjectDependencies) = postProject
		{ECE7A458-22F2-406C-991E-36D0E579E457} = {ECE7A458-22F2-406C-991E-36D0E579E457}
		{CB8ECB60-8C6B-4804-BBBF-DACAAED773AC} = {CB8ECB60-8C6B-4804-BBBF-DACAAED773AC}
	EndProjectSection
EndProject
Project("{8BC9CEB8-8B4A-11D0-8D11-00A0C91BC942}") = "SFML_Network", "SFML\src\SFML\SFML_Network.vcxproj", "{48D28224-DB5D-41AC-B9AE-080F230083F2}"
	ProjectSection(ProjectDependencies) = postProject
		{CB8ECB60-8C6B-4804-BBBF-DACAAED773AC} = {CB8ECB60-8C6B-4804-BBBF-DACAAED773AC}
	EndProjectSection
EndProject
Project("{8BC9CEB8-8B4A-11D0-8D11-00A0C91BC942}") = "SFML_System", "SFML\src\SFML\SFML_System.vcxproj", "{CB8ECB60-8C6B-4804-BBBF-DACAAED773AC}"
EndProject
Project("{8BC9CEB8-8B4A-11D0-8D11-00A0C91BC942}") = "SFML_Window", "SFML\src\SFML\SFML_Window.vcxproj", "{ECE7A458-22F2-406C-991E-36D0E579E457}"
	ProjectSection(ProjectDependencies) = postProject
		{48D28224-DB5D-41AC-B9AE-080F230083F2} = {48D28224-DB5D-41AC-B9AE-080F230083F2}
		{CB8ECB60-8C6B-4804-BBBF-DACAAED773AC} = {CB8ECB60-8C6B-4804-BBBF-DACAAED773AC}
	EndProjectSection
EndProject
Project("{2150E333-8FDC-42A3-9474-1A3956D46DE8}") = "Libs", "Libs", "{490B1D53-AD4D-4B75-814F-6E340F26D7BF}"
EndProject
Project("{2150E333-8FDC-42A3-9474-1A3956D46DE8}") = "TGUI", "TGUI", "{4B1E75CE-EDB7-4B7C-ACD3-8D0264DC19A1}"
EndProject
Project("{2150E333-8FDC-42A3-9474-1A3956D46DE8}") = "MyLibs", "MyLibs", "{BD843C91-A252-49A7-8F49-D2BCE4D45099}"
EndProject
Project("{2150E333-8FDC-42A3-9474-1A3956D46DE8}") = "MainProject", "MainProject", "{8564DB06-7F9E-4042-B32F-2B72606FBB18}"
EndProject
Project("{8BC9CEB8-8B4A-11D0-8D11-00A0C91BC942}") = "TypyProste", "TypyProste\TypyProste.vcxproj", "{C4CB2F58-BB6E-4AB4-894E-25C8EF668DCE}"
	ProjectSection(ProjectDependencies) = postProject
		{DA49481F-E328-4C1F-927C-44F818D30472} = {DA49481F-E328-4C1F-927C-44F818D30472}
	EndProjectSection
EndProject
Project("{8BC9CEB8-8B4A-11D0-8D11-00A0C91BC942}") = "TypyProsteTesty", "Testy\TypyProsteTesty\TypyProsteTesty.vcxproj", "{E8021FC9-3FF6-4F0E-AE07-785218336C11}"
	ProjectSection(ProjectDependencies) = postProject
		{DA49481F-E328-4C1F-927C-44F818D30472} = {DA49481F-E328-4C1F-927C-44F818D30472}
		{C4CB2F58-BB6E-4AB4-894E-25C8EF668DCE} = {C4CB2F58-BB6E-4AB4-894E-25C8EF668DCE}
	EndProjectSection
EndProject
Project("{2150E333-8FDC-42A3-9474-1A3956D46DE8}") = "Testy", "Testy", "{08F3172A-4614-4841-A785-149B1D0F4FF8}"
EndProject
Project("{8BC9CEB8-8B4A-11D0-8D11-00A0C91BC942}") = "Parser", "Parser\Parser.vcxproj", "{C8C552AA-0FB6-40CA-805D-122E7EB00225}"
EndProject
Project("{8BC9CEB8-8B4A-11D0-8D11-00A0C91BC942}") = "Zmiana", "Zmiana\Zmiana.vcxproj", "{E939D2D1-17B7-4720-8DE2-135A14DAD2A6}"
EndProject
Project("{8BC9CEB8-8B4A-11D0-8D11-00A0C91BC942}") = "ParserTesty", "Testy\ParserTesty\ParserTesty.vcxproj", "{D9B54D02-1AA2-44C4-A755-0C12D2B15300}"
EndProject
Project("{8BC9CEB8-8B4A-11D0-8D11-00A0C91BC942}") = "TesterKoncepcji", "KontrolkaObiektuTest\KontrolkaObiektuTest.vcxproj", "{8C52B34D-E09C-4A5D-8BFD-64881AA48408}"
EndProject
Project("{8BC9CEB8-8B4A-11D0-8D11-00A0C91BC942}") = "makedoc", "makedoc\makedoc.vcxproj", "{794F4B83-BB1D-4A40-BF24-F1824243DBE9}"
EndProject
Project("{8BC9CEB8-8B4A-11D0-8D11-00A0C91BC942}") = "TestSkryptuDll", "TestSkryptuDll\TestSkryptuDll\TestSkryptuDll.vcxproj", "{A0E3B6F6-0D5E-4BCB-A861-1D4D9DE21B5C}"
EndProject
Global
	GlobalSection(SubversionScc) = preSolution
		Svn-Managed = True
		Manager = AnkhSVN - Subversion Support for Visual Studio
	EndGlobalSection
	GlobalSection(SolutionConfigurationPlatforms) = preSolution
		Debug|Mixed Platforms = Debug|Mixed Platforms
		Debug|Win32 = Debug|Win32
		Debug|x64 = Debug|x64
		Release|Mixed Platforms = Release|Mixed Platforms
		Release|Win32 = Release|Win32
		Release|x64 = Release|x64
		Tests|Mixed Platforms = Tests|Mixed Platforms
		Tests|Win32 = Tests|Win32
		Tests|x64 = Tests|x64
	EndGlobalSection
	GlobalSection(ProjectConfigurationPlatforms) = postSolution
		{A8B6EFB3-277C-42D6-A05E-78516E547F38}.Debug|Mixed Platforms.ActiveCfg = Debug|Win32
		{A8B6EFB3-277C-42D6-A05E-78516E547F38}.Debug|Mixed Platforms.Build.0 = Debug|Win32
		{A8B6EFB3-277C-42D6-A05E-78516E547F38}.Debug|Win32.ActiveCfg = Debug|Win32
		{A8B6EFB3-277C-42D6-A05E-78516E547F38}.Debug|Win32.Build.0 = Debug|Win32
		{A8B6EFB3-277C-42D6-A05E-78516E547F38}.Debug|x64.ActiveCfg = Debug|x64
		{A8B6EFB3-277C-42D6-A05E-78516E547F38}.Debug|x64.Build.0 = Debug|x64
		{A8B6EFB3-277C-42D6-A05E-78516E547F38}.Release|Mixed Platforms.ActiveCfg = Release|Win32
		{A8B6EFB3-277C-42D6-A05E-78516E547F38}.Release|Mixed Platforms.Build.0 = Release|Win32
		{A8B6EFB3-277C-42D6-A05E-78516E547F38}.Release|Win32.ActiveCfg = Release|Win32
		{A8B6EFB3-277C-42D6-A05E-78516E547F38}.Release|Win32.Build.0 = Release|Win32
		{A8B6EFB3-277C-42D6-A05E-78516E547F38}.Release|x64.ActiveCfg = Release|x64
		{A8B6EFB3-277C-42D6-A05E-78516E547F38}.Release|x64.Build.0 = Release|x64
		{A8B6EFB3-277C-42D6-A05E-78516E547F38}.Tests|Mixed Platforms.ActiveCfg = Tests|Win32
		{A8B6EFB3-277C-42D6-A05E-78516E547F38}.Tests|Mixed Platforms.Build.0 = Tests|Win32
		{A8B6EFB3-277C-42D6-A05E-78516E547F38}.Tests|Win32.ActiveCfg = Tests|Win32
		{A8B6EFB3-277C-42D6-A05E-78516E547F38}.Tests|Win32.Build.0 = Tests|Win32
		{A8B6EFB3-277C-42D6-A05E-78516E547F38}.Tests|x64.ActiveCfg = Tests|x64
		{A8B6EFB3-277C-42D6-A05E-78516E547F38}.Tests|x64.Build.0 = Tests|x64
		{A247CFE6-877A-47B4-AB8B-8DFE7BEC1B9E}.Debug|Mixed Platforms.ActiveCfg = Debug|Win32
		{A247CFE6-877A-47B4-AB8B-8DFE7BEC1B9E}.Debug|Mixed Platforms.Build.0 = Debug|Win32
		{A247CFE6-877A-47B4-AB8B-8DFE7BEC1B9E}.Debug|Win32.ActiveCfg = Debug|Win32
		{A247CFE6-877A-47B4-AB8B-8DFE7BEC1B9E}.Debug|Win32.Build.0 = Debug|Win32
		{A247CFE6-877A-47B4-AB8B-8DFE7BEC1B9E}.Debug|x64.ActiveCfg = Debug|x64
		{A247CFE6-877A-47B4-AB8B-8DFE7BEC1B9E}.Debug|x64.Build.0 = Debug|x64
		{A247CFE6-877A-47B4-AB8B-8DFE7BEC1B9E}.Release|Mixed Platforms.ActiveCfg = Release|Win32
		{A247CFE6-877A-47B4-AB8B-8DFE7BEC1B9E}.Release|Mixed Platforms.Build.0 = Release|Win32
		{A247CFE6-877A-47B4-AB8B-8DFE7BEC1B9E}.Release|Win32.ActiveCfg = Release|Win32
		{A247CFE6-877A-47B4-AB8B-8DFE7BEC1B9E}.Release|Win32.Build.0 = Release|Win32
		{A247CFE6-877A-47B4-AB8B-8DFE7BEC1B9E}.Release|x64.ActiveCfg = Release|x64
		{A247CFE6-877A-47B4-AB8B-8DFE7BEC1B9E}.Release|x64.Build.0 = Release|x64
		{A247CFE6-877A-47B4-AB8B-8DFE7BEC1B9E}.Tests|Mixed Platforms.ActiveCfg = Tests|Win32
		{A247CFE6-877A-47B4-AB8B-8DFE7BEC1B9E}.Tests|Mixed Platforms.Build.0 = Tests|Win32
		{A247CFE6-877A-47B4-AB8B-8DFE7BEC1B9E}.Tests|Win32.ActiveCfg = Tests|Win32
		{A247CFE6-877A-47B4-AB8B-8DFE7BEC1B9E}.Tests|Win32.Build.0 = Tests|Win32
		{A247CFE6-877A-47B4-AB8B-8DFE7BEC1B9E}.Tests|x64.ActiveCfg = Tests|x64
		{A247CFE6-877A-47B4-AB8B-8DFE7BEC1B9E}.Tests|x64.Build.0 = Tests|x64
		{DA49481F-E328-4C1F-927C-44F818D30472}.Debug|Mixed Platforms.ActiveCfg = Debug|Win32
		{DA49481F-E328-4C1F-927C-44F818D30472}.Debug|Mixed Platforms.Build.0 = Debug|Win32
		{DA49481F-E328-4C1F-927C-44F818D30472}.Debug|Win32.ActiveCfg = Debug|Win32
		{DA49481F-E328-4C1F-927C-44F818D30472}.Debug|Win32.Build.0 = Debug|Win32
		{DA49481F-E328-4C1F-927C-44F818D30472}.Debug|x64.ActiveCfg = Debug|x64
		{DA49481F-E328-4C1F-927C-44F818D30472}.Debug|x64.Build.0 = Debug|x64
		{DA49481F-E328-4C1F-927C-44F818D30472}.Release|Mixed Platforms.ActiveCfg = Release|Win32
		{DA49481F-E328-4C1F-927C-44F818D30472}.Release|Mixed Platforms.Build.0 = Release|Win32
		{DA49481F-E328-4C1F-927C-44F818D30472}.Release|Win32.ActiveCfg = Release|Win32
		{DA49481F-E328-4C1F-927C-44F818D30472}.Release|Win32.Build.0 = Release|Win32
		{DA49481F-E328-4C1F-927C-44F818D30472}.Release|x64.ActiveCfg = Release|x64
		{DA49481F-E328-4C1F-927C-44F818D30472}.Release|x64.Build.0 = Release|x64
		{DA49481F-E328-4C1F-927C-44F818D30472}.Tests|Mixed Platforms.ActiveCfg = Tests|Win32
		{DA49481F-E328-4C1F-927C-44F818D30472}.Tests|Mixed Platforms.Build.0 = Tests|Win32
		{DA49481F-E328-4C1F-927C-44F818D30472}.Tests|Win32.ActiveCfg = Tests|Win32
		{DA49481F-E328-4C1F-927C-44F818D30472}.Tests|Win32.Build.0 = Tests|Win32
		{DA49481F-E328-4C1F-927C-44F818D30472}.Tests|x64.ActiveCfg = Tests|x64
		{DA49481F-E328-4C1F-927C-44F818D30472}.Tests|x64.Build.0 = Tests|x64
		{51552B6A-E22C-40CF-94AA-D8646C9354BE}.Debug|Mixed Platforms.ActiveCfg = Debug|Win32
		{51552B6A-E22C-40CF-94AA-D8646C9354BE}.Debug|Mixed Platforms.Build.0 = Debug|Win32
		{51552B6A-E22C-40CF-94AA-D8646C9354BE}.Debug|Win32.ActiveCfg = Debug|Win32
		{51552B6A-E22C-40CF-94AA-D8646C9354BE}.Debug|Win32.Build.0 = Debug|Win32
		{51552B6A-E22C-40CF-94AA-D8646C9354BE}.Debug|x64.ActiveCfg = Debug|x64
		{51552B6A-E22C-40CF-94AA-D8646C9354BE}.Debug|x64.Build.0 = Debug|x64
		{51552B6A-E22C-40CF-94AA-D8646C9354BE}.Release|Mixed Platforms.ActiveCfg = Release|Win32
		{51552B6A-E22C-40CF-94AA-D8646C9354BE}.Release|Mixed Platforms.Build.0 = Release|Win32
		{51552B6A-E22C-40CF-94AA-D8646C9354BE}.Release|Win32.ActiveCfg = Release|Win32
		{51552B6A-E22C-40CF-94AA-D8646C9354BE}.Release|Win32.Build.0 = Release|Win32
		{51552B6A-E22C-40CF-94AA-D8646C9354BE}.Release|x64.ActiveCfg = Release|x64
		{51552B6A-E22C-40CF-94AA-D8646C9354BE}.Release|x64.Build.0 = Release|x64
		{51552B6A-E22C-40CF-94AA-D8646C9354BE}.Tests|Mixed Platforms.ActiveCfg = Tests|Win32
		{51552B6A-E22C-40CF-94AA-D8646C9354BE}.Tests|Mixed Platforms.Build.0 = Tests|Win32
		{51552B6A-E22C-40CF-94AA-D8646C9354BE}.Tests|Win32.ActiveCfg = Tests|Win32
		{51552B6A-E22C-40CF-94AA-D8646C9354BE}.Tests|Win32.Build.0 = Tests|Win32
		{51552B6A-E22C-40CF-94AA-D8646C9354BE}.Tests|x64.ActiveCfg = Tests|x64
		{51552B6A-E22C-40CF-94AA-D8646C9354BE}.Tests|x64.Build.0 = Tests|x64
		{4954D18E-70A6-41B4-A6FB-88B1D9F96305}.Debug|Mixed Platforms.ActiveCfg = Debug|Win32
		{4954D18E-70A6-41B4-A6FB-88B1D9F96305}.Debug|Mixed Platforms.Build.0 = Debug|Win32
		{4954D18E-70A6-41B4-A6FB-88B1D9F96305}.Debug|Win32.ActiveCfg = Debug|Win32
		{4954D18E-70A6-41B4-A6FB-88B1D9F96305}.Debug|Win32.Build.0 = Debug|Win32
		{4954D18E-70A6-41B4-A6FB-88B1D9F96305}.Debug|x64.ActiveCfg = Debug|x64
		{4954D18E-70A6-41B4-A6FB-88B1D9F96305}.Debug|x64.Build.0 = Debug|x64
		{4954D18E-70A6-41B4-A6FB-88B1D9F96305}.Release|Mixed Platforms.ActiveCfg = Release|Win32
		{4954D18E-70A6-41B4-A6FB-88B1D9F96305}.Release|Mixed Platforms.Build.0 = Release|Win32
		{4954D18E-70A6-41B4-A6FB-88B1D9F96305}.Release|Win32.ActiveCfg = Release|Win32
		{4954D18E-70A6-41B4-A6FB-88B1D9F96305}.Release|Win32.Build.0 = Release|Win32
		{4954D18E-70A6-41B4-A6FB-88B1D9F96305}.Release|x64.ActiveCfg = Release|x64
		{4954D18E-70A6-41B4-A6FB-88B1D9F96305}.Release|x64.Build.0 = Release|x64
		{4954D18E-70A6-41B4-A6FB-88B1D9F96305}.Tests|Mixed Platforms.ActiveCfg = Tests|Win32
		{4954D18E-70A6-41B4-A6FB-88B1D9F96305}.Tests|Mixed Platforms.Build.0 = Tests|Win32
		{4954D18E-70A6-41B4-A6FB-88B1D9F96305}.Tests|Win32.ActiveCfg = Tests|Win32
		{4954D18E-70A6-41B4-A6FB-88B1D9F96305}.Tests|Win32.Build.0 = Tests|Win32
		{4954D18E-70A6-41B4-A6FB-88B1D9F96305}.Tests|x64.ActiveCfg = Tests|x64
		{4954D18E-70A6-41B4-A6FB-88B1D9F96305}.Tests|x64.Build.0 = Tests|x64
		{D58D2BC1-AC37-437A-BD7C-B0A97D4E4B69}.Debug|Mixed Platforms.ActiveCfg = Debug|x86
		{D58D2BC1-AC37-437A-BD7C-B0A97D4E4B69}.Debug|Mixed Platforms.Build.0 = Debug|x86
		{D58D2BC1-AC37-437A-BD7C-B0A97D4E4B69}.Debug|Win32.ActiveCfg = Debug|x86
		{D58D2BC1-AC37-437A-BD7C-B0A97D4E4B69}.Debug|x64.ActiveCfg = Debug|x64
		{D58D2BC1-AC37-437A-BD7C-B0A97D4E4B69}.Release|Mixed Platforms.ActiveCfg = Release|x86
		{D58D2BC1-AC37-437A-BD7C-B0A97D4E4B69}.Release|Mixed Platforms.Build.0 = Release|x86
		{D58D2BC1-AC37-437A-BD7C-B0A97D4E4B69}.Release|Win32.ActiveCfg = Release|x86
		{D58D2BC1-AC37-437A-BD7C-B0A97D4E4B69}.Release|Win32.Build.0 = Release|x86
		{D58D2BC1-AC37-437A-BD7C-B0A97D4E4B69}.Release|x64.ActiveCfg = Release|x64
		{D58D2BC1-AC37-437A-BD7C-B0A97D4E4B69}.Release|x64.Build.0 = Release|x64
		{D58D2BC1-AC37-437A-BD7C-B0A97D4E4B69}.Tests|Mixed Platforms.ActiveCfg = Tests|x86
		{D58D2BC1-AC37-437A-BD7C-B0A97D4E4B69}.Tests|Mixed Platforms.Build.0 = Tests|x86
		{D58D2BC1-AC37-437A-BD7C-B0A97D4E4B69}.Tests|Win32.ActiveCfg = Debug|x86
		{D58D2BC1-AC37-437A-BD7C-B0A97D4E4B69}.Tests|x64.ActiveCfg = Debug|x64
		{6ADB1B59-6144-467C-ACF0-F5020BE17E77}.Debug|Mixed Platforms.ActiveCfg = Debug|Win32
		{6ADB1B59-6144-467C-ACF0-F5020BE17E77}.Debug|Mixed Platforms.Build.0 = Debug|Win32
		{6ADB1B59-6144-467C-ACF0-F5020BE17E77}.Debug|Win32.ActiveCfg = Debug|Win32
		{6ADB1B59-6144-467C-ACF0-F5020BE17E77}.Debug|Win32.Build.0 = Debug|Win32
		{6ADB1B59-6144-467C-ACF0-F5020BE17E77}.Debug|x64.ActiveCfg = Debug|x64
		{6ADB1B59-6144-467C-ACF0-F5020BE17E77}.Debug|x64.Build.0 = Debug|x64
		{6ADB1B59-6144-467C-ACF0-F5020BE17E77}.Release|Mixed Platforms.ActiveCfg = Release|Win32
		{6ADB1B59-6144-467C-ACF0-F5020BE17E77}.Release|Mixed Platforms.Build.0 = Release|Win32
		{6ADB1B59-6144-467C-ACF0-F5020BE17E77}.Release|Win32.ActiveCfg = Release|Win32
		{6ADB1B59-6144-467C-ACF0-F5020BE17E77}.Release|Win32.Build.0 = Release|Win32
		{6ADB1B59-6144-467C-ACF0-F5020BE17E77}.Release|x64.ActiveCfg = Release|x64
		{6ADB1B59-6144-467C-ACF0-F5020BE17E77}.Release|x64.Build.0 = Release|x64
		{6ADB1B59-6144-467C-ACF0-F5020BE17E77}.Tests|Mixed Platforms.ActiveCfg = Tests|Win32
		{6ADB1B59-6144-467C-ACF0-F5020BE17E77}.Tests|Mixed Platforms.Build.0 = Tests|Win32
		{6ADB1B59-6144-467C-ACF0-F5020BE17E77}.Tests|Win32.ActiveCfg = Tests|Win32
		{6ADB1B59-6144-467C-ACF0-F5020BE17E77}.Tests|Win32.Build.0 = Tests|Win32
		{6ADB1B59-6144-467C-ACF0-F5020BE17E77}.Tests|x64.ActiveCfg = Tests|x64
		{6ADB1B59-6144-467C-ACF0-F5020BE17E77}.Tests|x64.Build.0 = Tests|x64
		{7704536C-48E3-4524-92F4-5BD1DB721694}.Debug|Mixed Platforms.ActiveCfg = Debug|Win32
		{7704536C-48E3-4524-92F4-5BD1DB721694}.Debug|Mixed Platforms.Build.0 = Debug|Win32
		{7704536C-48E3-4524-92F4-5BD1DB721694}.Debug|Win32.ActiveCfg = Debug|Win32
		{7704536C-48E3-4524-92F4-5BD1DB721694}.Debug|Win32.Build.0 = Debug|Win32
		{7704536C-48E3-4524-92F4-5BD1DB721694}.Debug|x64.ActiveCfg = Debug|x64
		{7704536C-48E3-4524-92F4-5BD1DB721694}.Debug|x64.Build.0 = Debug|x64
		{7704536C-48E3-4524-92F4-5BD1DB721694}.Release|Mixed Platforms.ActiveCfg = Release|Win32
		{7704536C-48E3-4524-92F4-5BD1DB721694}.Release|Mixed Platforms.Build.0 = Release|Win32
		{7704536C-48E3-4524-92F4-5BD1DB721694}.Release|Win32.ActiveCfg = Release|Win32
		{7704536C-48E3-4524-92F4-5BD1DB721694}.Release|Win32.Build.0 = Release|Win32
		{7704536C-48E3-4524-92F4-5BD1DB721694}.Release|x64.ActiveCfg = Release|x64
		{7704536C-48E3-4524-92F4-5BD1DB721694}.Release|x64.Build.0 = Release|x64
		{7704536C-48E3-4524-92F4-5BD1DB721694}.Tests|Mixed Platforms.ActiveCfg = Tests|Win32
		{7704536C-48E3-4524-92F4-5BD1DB721694}.Tests|Mixed Platforms.Build.0 = Tests|Win32
		{7704536C-48E3-4524-92F4-5BD1DB721694}.Tests|Win32.ActiveCfg = Tests|Win32
		{7704536C-48E3-4524-92F4-5BD1DB721694}.Tests|x64.ActiveCfg = Tests|x64
		{CE1C0AC7-D05B-433C-A5EE-143E15037AF2}.Debug|Mixed Platforms.ActiveCfg = Debug|Win32
		{CE1C0AC7-D05B-433C-A5EE-143E15037AF2}.Debug|Mixed Platforms.Build.0 = Debug|Win32
		{CE1C0AC7-D05B-433C-A5EE-143E15037AF2}.Debug|Win32.ActiveCfg = Debug|Win32
		{CE1C0AC7-D05B-433C-A5EE-143E15037AF2}.Debug|Win32.Build.0 = Debug|Win32
		{CE1C0AC7-D05B-433C-A5EE-143E15037AF2}.Debug|x64.ActiveCfg = Debug|x64
		{CE1C0AC7-D05B-433C-A5EE-143E15037AF2}.Debug|x64.Build.0 = Debug|x64
		{CE1C0AC7-D05B-433C-A5EE-143E15037AF2}.Release|Mixed Platforms.ActiveCfg = Release|Win32
		{CE1C0AC7-D05B-433C-A5EE-143E15037AF2}.Release|Mixed Platforms.Build.0 = Release|Win32
		{CE1C0AC7-D05B-433C-A5EE-143E15037AF2}.Release|Win32.ActiveCfg = Release|Win32
		{CE1C0AC7-D05B-433C-A5EE-143E15037AF2}.Release|Win32.Build.0 = Release|Win32
		{CE1C0AC7-D05B-433C-A5EE-143E15037AF2}.Release|x64.ActiveCfg = Release|x64
		{CE1C0AC7-D05B-433C-A5EE-143E15037AF2}.Release|x64.Build.0 = Release|x64
		{CE1C0AC7-D05B-433C-A5EE-143E15037AF2}.Tests|Mixed Platforms.ActiveCfg = Tests|Win32
		{CE1C0AC7-D05B-433C-A5EE-143E15037AF2}.Tests|Mixed Platforms.Build.0 = Tests|Win32
		{CE1C0AC7-D05B-433C-A5EE-143E15037AF2}.Tests|Win32.ActiveCfg = Tests|Win32
		{CE1C0AC7-D05B-433C-A5EE-143E15037AF2}.Tests|Win32.Build.0 = Tests|Win32
		{CE1C0AC7-D05B-433C-A5EE-143E15037AF2}.Tests|x64.ActiveCfg = Tests|x64
		{CE1C0AC7-D05B-433C-A5EE-143E15037AF2}.Tests|x64.Build.0 = Tests|x64
		{392C0116-BA28-41BE-9439-E0248522C0E7}.Debug|Mixed Platforms.ActiveCfg = Debug|Win32
		{392C0116-BA28-41BE-9439-E0248522C0E7}.Debug|Mixed Platforms.Build.0 = Debug|Win32
		{392C0116-BA28-41BE-9439-E0248522C0E7}.Debug|Win32.ActiveCfg = Debug|Win32
		{392C0116-BA28-41BE-9439-E0248522C0E7}.Debug|Win32.Build.0 = Debug|Win32
		{392C0116-BA28-41BE-9439-E0248522C0E7}.Debug|x64.ActiveCfg = Debug|x64
		{392C0116-BA28-41BE-9439-E0248522C0E7}.Debug|x64.Build.0 = Debug|x64
		{392C0116-BA28-41BE-9439-E0248522C0E7}.Release|Mixed Platforms.ActiveCfg = Release|Win32
		{392C0116-BA28-41BE-9439-E0248522C0E7}.Release|Mixed Platforms.Build.0 = Release|Win32
		{392C0116-BA28-41BE-9439-E0248522C0E7}.Release|Win32.ActiveCfg = Release|Win32
		{392C0116-BA28-41BE-9439-E0248522C0E7}.Release|Win32.Build.0 = Release|Win32
		{392C0116-BA28-41BE-9439-E0248522C0E7}.Release|x64.ActiveCfg = Release|x64
		{392C0116-BA28-41BE-9439-E0248522C0E7}.Release|x64.Build.0 = Release|x64
		{392C0116-BA28-41BE-9439-E0248522C0E7}.Tests|Mixed Platforms.ActiveCfg = Tests|Win32
		{392C0116-BA28-41BE-9439-E0248522C0E7}.Tests|Mixed Platforms.Build.0 = Tests|Win32
		{392C0116-BA28-41BE-9439-E0248522C0E7}.Tests|Win32.ActiveCfg = Tests|Win32
		{392C0116-BA28-41BE-9439-E0248522C0E7}.Tests|Win32.Build.0 = Tests|Win32
		{392C0116-BA28-41BE-9439-E0248522C0E7}.Tests|x64.ActiveCfg = Tests|x64
		{392C0116-BA28-41BE-9439-E0248522C0E7}.Tests|x64.Build.0 = Tests|x64
		{48D28224-DB5D-41AC-B9AE-080F230083F2}.Debug|Mixed Platforms.ActiveCfg = Debug|Win32
		{48D28224-DB5D-41AC-B9AE-080F230083F2}.Debug|Mixed Platforms.Build.0 = Debug|Win32
		{48D28224-DB5D-41AC-B9AE-080F230083F2}.Debug|Win32.ActiveCfg = Debug|Win32
		{48D28224-DB5D-41AC-B9AE-080F230083F2}.Debug|Win32.Build.0 = Debug|Win32
		{48D28224-DB5D-41AC-B9AE-080F230083F2}.Debug|x64.ActiveCfg = Debug|x64
		{48D28224-DB5D-41AC-B9AE-080F230083F2}.Debug|x64.Build.0 = Debug|x64
		{48D28224-DB5D-41AC-B9AE-080F230083F2}.Release|Mixed Platforms.ActiveCfg = Release|Win32
		{48D28224-DB5D-41AC-B9AE-080F230083F2}.Release|Mixed Platforms.Build.0 = Release|Win32
		{48D28224-DB5D-41AC-B9AE-080F230083F2}.Release|Win32.ActiveCfg = Release|Win32
		{48D28224-DB5D-41AC-B9AE-080F230083F2}.Release|Win32.Build.0 = Release|Win32
		{48D28224-DB5D-41AC-B9AE-080F230083F2}.Release|x64.ActiveCfg = Release|x64
		{48D28224-DB5D-41AC-B9AE-080F230083F2}.Release|x64.Build.0 = Release|x64
		{48D28224-DB5D-41AC-B9AE-080F230083F2}.Tests|Mixed Platforms.ActiveCfg = Tests|Win32
		{48D28224-DB5D-41AC-B9AE-080F230083F2}.Tests|Mixed Platforms.Build.0 = Tests|Win32
		{48D28224-DB5D-41AC-B9AE-080F230083F2}.Tests|Win32.ActiveCfg = Tests|Win32
		{48D28224-DB5D-41AC-B9AE-080F230083F2}.Tests|Win32.Build.0 = Tests|Win32
		{48D28224-DB5D-41AC-B9AE-080F230083F2}.Tests|x64.ActiveCfg = Tests|x64
		{48D28224-DB5D-41AC-B9AE-080F230083F2}.Tests|x64.Build.0 = Tests|x64
		{CB8ECB60-8C6B-4804-BBBF-DACAAED773AC}.Debug|Mixed Platforms.ActiveCfg = Debug|Win32
		{CB8ECB60-8C6B-4804-BBBF-DACAAED773AC}.Debug|Mixed Platforms.Build.0 = Debug|Win32
		{CB8ECB60-8C6B-4804-BBBF-DACAAED773AC}.Debug|Win32.ActiveCfg = Debug|Win32
		{CB8ECB60-8C6B-4804-BBBF-DACAAED773AC}.Debug|Win32.Build.0 = Debug|Win32
		{CB8ECB60-8C6B-4804-BBBF-DACAAED773AC}.Debug|x64.ActiveCfg = Debug|x64
		{CB8ECB60-8C6B-4804-BBBF-DACAAED773AC}.Debug|x64.Build.0 = Debug|x64
		{CB8ECB60-8C6B-4804-BBBF-DACAAED773AC}.Release|Mixed Platforms.ActiveCfg = Release|Win32
		{CB8ECB60-8C6B-4804-BBBF-DACAAED773AC}.Release|Mixed Platforms.Build.0 = Release|Win32
		{CB8ECB60-8C6B-4804-BBBF-DACAAED773AC}.Release|Win32.ActiveCfg = Release|Win32
		{CB8ECB60-8C6B-4804-BBBF-DACAAED773AC}.Release|Win32.Build.0 = Release|Win32
		{CB8ECB60-8C6B-4804-BBBF-DACAAED773AC}.Release|x64.ActiveCfg = Release|x64
		{CB8ECB60-8C6B-4804-BBBF-DACAAED773AC}.Release|x64.Build.0 = Release|x64
		{CB8ECB60-8C6B-4804-BBBF-DACAAED773AC}.Tests|Mixed Platforms.ActiveCfg = Tests|Win32
		{CB8ECB60-8C6B-4804-BBBF-DACAAED773AC}.Tests|Mixed Platforms.Build.0 = Tests|Win32
		{CB8ECB60-8C6B-4804-BBBF-DACAAED773AC}.Tests|Win32.ActiveCfg = Tests|Win32
		{CB8ECB60-8C6B-4804-BBBF-DACAAED773AC}.Tests|Win32.Build.0 = Tests|Win32
		{CB8ECB60-8C6B-4804-BBBF-DACAAED773AC}.Tests|x64.ActiveCfg = Tests|x64
		{CB8ECB60-8C6B-4804-BBBF-DACAAED773AC}.Tests|x64.Build.0 = Tests|x64
		{ECE7A458-22F2-406C-991E-36D0E579E457}.Debug|Mixed Platforms.ActiveCfg = Debug|Win32
		{ECE7A458-22F2-406C-991E-36D0E579E457}.Debug|Mixed Platforms.Build.0 = Debug|Win32
		{ECE7A458-22F2-406C-991E-36D0E579E457}.Debug|Win32.ActiveCfg = Debug|Win32
		{ECE7A458-22F2-406C-991E-36D0E579E457}.Debug|Win32.Build.0 = Debug|Win32
		{ECE7A458-22F2-406C-991E-36D0E579E457}.Debug|x64.ActiveCfg = Debug|x64
		{ECE7A458-22F2-406C-991E-36D0E579E457}.Debug|x64.Build.0 = Debug|x64
		{ECE7A458-22F2-406C-991E-36D0E579E457}.Release|Mixed Platforms.ActiveCfg = Release|Win32
		{ECE7A458-22F2-406C-991E-36D0E579E457}.Release|Mixed Platforms.Build.0 = Release|Win32
		{ECE7A458-22F2-406C-991E-36D0E579E457}.Release|Win32.ActiveCfg = Release|Win32
		{ECE7A458-22F2-406C-991E-36D0E579E457}.Release|Win32.Build.0 = Release|Win32
		{ECE7A458-22F2-406C-991E-36D0E579E457}.Release|x64.ActiveCfg = Release|x64
		{ECE7A458-22F2-406C-991E-36D0E579E457}.Release|x64.Build.0 = Release|x64
		{ECE7A458-22F2-406C-991E-36D0E579E457}.Tests|Mixed Platforms.ActiveCfg = Tests|Win32
		{ECE7A458-22F2-406C-991E-36D0E579E457}.Tests|Mixed Platforms.Build.0 = Tests|Win32
		{ECE7A458-22F2-406C-991E-36D0E579E457}.Tests|Win32.ActiveCfg = Tests|Win32
		{ECE7A458-22F2-406C-991E-36D0E579E457}.Tests|Win32.Build.0 = Tests|Win32
		{ECE7A458-22F2-406C-991E-36D0E579E457}.Tests|x64.ActiveCfg = Tests|x64
		{ECE7A458-22F2-406C-991E-36D0E579E457}.Tests|x64.Build.0 = Tests|x64
		{C4CB2F58-BB6E-4AB4-894E-25C8EF668DCE}.Debug|Mixed Platforms.ActiveCfg = Debug|Win32
		{C4CB2F58-BB6E-4AB4-894E-25C8EF668DCE}.Debug|Mixed Platforms.Build.0 = Debug|Win32
		{C4CB2F58-BB6E-4AB4-894E-25C8EF668DCE}.Debug|Win32.ActiveCfg = Debug|Win32
		{C4CB2F58-BB6E-4AB4-894E-25C8EF668DCE}.Debug|Win32.Build.0 = Debug|Win32
		{C4CB2F58-BB6E-4AB4-894E-25C8EF668DCE}.Debug|x64.ActiveCfg = Debug|x64
		{C4CB2F58-BB6E-4AB4-894E-25C8EF668DCE}.Debug|x64.Build.0 = Debug|x64
		{C4CB2F58-BB6E-4AB4-894E-25C8EF668DCE}.Release|Mixed Platforms.ActiveCfg = Release|Win32
		{C4CB2F58-BB6E-4AB4-894E-25C8EF668DCE}.Release|Mixed Platforms.Build.0 = Release|Win32
		{C4CB2F58-BB6E-4AB4-894E-25C8EF668DCE}.Release|Win32.ActiveCfg = Release|Win32
		{C4CB2F58-BB6E-4AB4-894E-25C8EF668DCE}.Release|Win32.Build.0 = Release|Win32
		{C4CB2F58-BB6E-4AB4-894E-25C8EF668DCE}.Release|x64.ActiveCfg = Release|x64
		{C4CB2F58-BB6E-4AB4-894E-25C8EF668DCE}.Release|x64.Build.0 = Release|x64
		{C4CB2F58-BB6E-4AB4-894E-25C8EF668DCE}.Tests|Mixed Platforms.ActiveCfg = Tests|Win32
		{C4CB2F58-BB6E-4AB4-894E-25C8EF668DCE}.Tests|Mixed Platforms.Build.0 = Tests|Win32
		{C4CB2F58-BB6E-4AB4-894E-25C8EF668DCE}.Tests|Win32.ActiveCfg = Tests|Win32
		{C4CB2F58-BB6E-4AB4-894E-25C8EF668DCE}.Tests|Win32.Build.0 = Tests|Win32
		{C4CB2F58-BB6E-4AB4-894E-25C8EF668DCE}.Tests|x64.ActiveCfg = Tests|x64
		{C4CB2F58-BB6E-4AB4-894E-25C8EF668DCE}.Tests|x64.Build.0 = Tests|x64
		{E8021FC9-3FF6-4F0E-AE07-785218336C11}.Debug|Mixed Platforms.ActiveCfg = Debug|Win32
		{E8021FC9-3FF6-4F0E-AE07-785218336C11}.Debug|Mixed Platforms.Build.0 = Debug|Win32
		{E8021FC9-3FF6-4F0E-AE07-785218336C11}.Debug|Win32.ActiveCfg = Debug|Win32
		{E8021FC9-3FF6-4F0E-AE07-785218336C11}.Debug|Win32.Build.0 = Debug|Win32
		{E8021FC9-3FF6-4F0E-AE07-785218336C11}.Debug|x64.ActiveCfg = Debug|x64
		{E8021FC9-3FF6-4F0E-AE07-785218336C11}.Debug|x64.Build.0 = Debug|x64
		{E8021FC9-3FF6-4F0E-AE07-785218336C11}.Release|Mixed Platforms.ActiveCfg = Release|Win32
		{E8021FC9-3FF6-4F0E-AE07-785218336C11}.Release|Mixed Platforms.Build.0 = Release|Win32
		{E8021FC9-3FF6-4F0E-AE07-785218336C11}.Release|Win32.ActiveCfg = Release|Win32
		{E8021FC9-3FF6-4F0E-AE07-785218336C11}.Release|x64.ActiveCfg = Release|x64
		{E8021FC9-3FF6-4F0E-AE07-785218336C11}.Tests|Mixed Platforms.ActiveCfg = Tests|Win32
		{E8021FC9-3FF6-4F0E-AE07-785218336C11}.Tests|Mixed Platforms.Build.0 = Tests|Win32
		{E8021FC9-3FF6-4F0E-AE07-785218336C11}.Tests|Win32.ActiveCfg = Tests|Win32
		{E8021FC9-3FF6-4F0E-AE07-785218336C11}.Tests|Win32.Build.0 = Tests|Win32
		{E8021FC9-3FF6-4F0E-AE07-785218336C11}.Tests|x64.ActiveCfg = Tests|x64
		{E8021FC9-3FF6-4F0E-AE07-785218336C11}.Tests|x64.Build.0 = Tests|x64
		{C8C552AA-0FB6-40CA-805D-122E7EB00225}.Debug|Mixed Platforms.ActiveCfg = Debug|Win32
		{C8C552AA-0FB6-40CA-805D-122E7EB00225}.Debug|Mixed Platforms.Build.0 = Debug|Win32
		{C8C552AA-0FB6-40CA-805D-122E7EB00225}.Debug|Win32.ActiveCfg = Debug|Win32
		{C8C552AA-0FB6-40CA-805D-122E7EB00225}.Debug|Win32.Build.0 = Debug|Win32
		{C8C552AA-0FB6-40CA-805D-122E7EB00225}.Debug|x64.ActiveCfg = Debug|x64
		{C8C552AA-0FB6-40CA-805D-122E7EB00225}.Debug|x64.Build.0 = Debug|x64
		{C8C552AA-0FB6-40CA-805D-122E7EB00225}.Release|Mixed Platforms.ActiveCfg = Release|Win32
		{C8C552AA-0FB6-40CA-805D-122E7EB00225}.Release|Mixed Platforms.Build.0 = Release|Win32
		{C8C552AA-0FB6-40CA-805D-122E7EB00225}.Release|Win32.ActiveCfg = Release|Win32
		{C8C552AA-0FB6-40CA-805D-122E7EB00225}.Release|Win32.Build.0 = Release|Win32
		{C8C552AA-0FB6-40CA-805D-122E7EB00225}.Release|x64.ActiveCfg = Release|x64
		{C8C552AA-0FB6-40CA-805D-122E7EB00225}.Release|x64.Build.0 = Release|x64
		{C8C552AA-0FB6-40CA-805D-122E7EB00225}.Tests|Mixed Platforms.ActiveCfg = Tests|Win32
		{C8C552AA-0FB6-40CA-805D-122E7EB00225}.Tests|Mixed Platforms.Build.0 = Tests|Win32
		{C8C552AA-0FB6-40CA-805D-122E7EB00225}.Tests|Win32.ActiveCfg = Tests|Win32
		{C8C552AA-0FB6-40CA-805D-122E7EB00225}.Tests|Win32.Build.0 = Tests|Win32
		{C8C552AA-0FB6-40CA-805D-122E7EB00225}.Tests|x64.ActiveCfg = Tests|x64
		{C8C552AA-0FB6-40CA-805D-122E7EB00225}.Tests|x64.Build.0 = Tests|x64
		{E939D2D1-17B7-4720-8DE2-135A14DAD2A6}.Debug|Mixed Platforms.ActiveCfg = Debug|Win32
		{E939D2D1-17B7-4720-8DE2-135A14DAD2A6}.Debug|Mixed Platforms.Build.0 = Debug|Win32
		{E939D2D1-17B7-4720-8DE2-135A14DAD2A6}.Debug|Win32.ActiveCfg = Debug|Win32
		{E939D2D1-17B7-4720-8DE2-135A14DAD2A6}.Debug|Win32.Build.0 = Debug|Win32
		{E939D2D1-17B7-4720-8DE2-135A14DAD2A6}.Debug|x64.ActiveCfg = Debug|x64
		{E939D2D1-17B7-4720-8DE2-135A14DAD2A6}.Debug|x64.Build.0 = Debug|x64
		{E939D2D1-17B7-4720-8DE2-135A14DAD2A6}.Release|Mixed Platforms.ActiveCfg = Release|Win32
		{E939D2D1-17B7-4720-8DE2-135A14DAD2A6}.Release|Mixed Platforms.Build.0 = Release|Win32
		{E939D2D1-17B7-4720-8DE2-135A14DAD2A6}.Release|Win32.ActiveCfg = Release|Win32
		{E939D2D1-17B7-4720-8DE2-135A14DAD2A6}.Release|Win32.Build.0 = Release|Win32
		{E939D2D1-17B7-4720-8DE2-135A14DAD2A6}.Release|x64.ActiveCfg = Release|x64
		{E939D2D1-17B7-4720-8DE2-135A14DAD2A6}.Release|x64.Build.0 = Release|x64
		{E939D2D1-17B7-4720-8DE2-135A14DAD2A6}.Tests|Mixed Platforms.ActiveCfg = Tests|Win32
		{E939D2D1-17B7-4720-8DE2-135A14DAD2A6}.Tests|Mixed Platforms.Build.0 = Tests|Win32
		{E939D2D1-17B7-4720-8DE2-135A14DAD2A6}.Tests|Win32.ActiveCfg = Tests|Win32
		{E939D2D1-17B7-4720-8DE2-135A14DAD2A6}.Tests|Win32.Build.0 = Tests|Win32
		{E939D2D1-17B7-4720-8DE2-135A14DAD2A6}.Tests|x64.ActiveCfg = Tests|x64
		{E939D2D1-17B7-4720-8DE2-135A14DAD2A6}.Tests|x64.Build.0 = Tests|x64
		{D9B54D02-1AA2-44C4-A755-0C12D2B15300}.Debug|Mixed Platforms.ActiveCfg = Debug|Win32
		{D9B54D02-1AA2-44C4-A755-0C12D2B15300}.Debug|Mixed Platforms.Build.0 = Debug|Win32
		{D9B54D02-1AA2-44C4-A755-0C12D2B15300}.Debug|Win32.ActiveCfg = Debug|Win32
		{D9B54D02-1AA2-44C4-A755-0C12D2B15300}.Debug|Win32.Build.0 = Debug|Win32
		{D9B54D02-1AA2-44C4-A755-0C12D2B15300}.Debug|x64.ActiveCfg = Debug|x64
		{D9B54D02-1AA2-44C4-A755-0C12D2B15300}.Debug|x64.Build.0 = Debug|x64
		{D9B54D02-1AA2-44C4-A755-0C12D2B15300}.Release|Mixed Platforms.ActiveCfg = Release|Win32
		{D9B54D02-1AA2-44C4-A755-0C12D2B15300}.Release|Mixed Platforms.Build.0 = Release|Win32
		{D9B54D02-1AA2-44C4-A755-0C12D2B15300}.Release|Win32.ActiveCfg = Release|Win32
		{D9B54D02-1AA2-44C4-A755-0C12D2B15300}.Release|x64.ActiveCfg = Release|x64
		{D9B54D02-1AA2-44C4-A755-0C12D2B15300}.Tests|Mixed Platforms.ActiveCfg = Tests|Win32
		{D9B54D02-1AA2-44C4-A755-0C12D2B15300}.Tests|Mixed Platforms.Build.0 = Tests|Win32
		{D9B54D02-1AA2-44C4-A755-0C12D2B15300}.Tests|Win32.ActiveCfg = Tests|Win32
		{D9B54D02-1AA2-44C4-A755-0C12D2B15300}.Tests|Win32.Build.0 = Tests|Win32
		{D9B54D02-1AA2-44C4-A755-0C12D2B15300}.Tests|x64.ActiveCfg = Tests|x64
		{D9B54D02-1AA2-44C4-A755-0C12D2B15300}.Tests|x64.Build.0 = Tests|x64
		{8C52B34D-E09C-4A5D-8BFD-64881AA48408}.Debug|Mixed Platforms.ActiveCfg = Debug|Win32
		{8C52B34D-E09C-4A5D-8BFD-64881AA48408}.Debug|Mixed Platforms.Build.0 = Debug|Win32
		{8C52B34D-E09C-4A5D-8BFD-64881AA48408}.Debug|Win32.ActiveCfg = Debug|Win32
		{8C52B34D-E09C-4A5D-8BFD-64881AA48408}.Debug|Win32.Build.0 = Debug|Win32
		{8C52B34D-E09C-4A5D-8BFD-64881AA48408}.Debug|x64.ActiveCfg = Debug|x64
		{8C52B34D-E09C-4A5D-8BFD-64881AA48408}.Debug|x64.Build.0 = Debug|x64
		{8C52B34D-E09C-4A5D-8BFD-64881AA48408}.Release|Mixed Platforms.ActiveCfg = Release|Win32
		{8C52B34D-E09C-4A5D-8BFD-64881AA48408}.Release|Mixed Platforms.Build.0 = Release|Win32
		{8C52B34D-E09C-4A5D-8BFD-64881AA48408}.Release|Win32.ActiveCfg = Release|Win32
		{8C52B34D-E09C-4A5D-8BFD-64881AA48408}.Release|Win32.Build.0 = Release|Win32
		{8C52B34D-E09C-4A5D-8BFD-64881AA48408}.Release|x64.ActiveCfg = Release|x64
		{8C52B34D-E09C-4A5D-8BFD-64881AA48408}.Tests|Mixed Platforms.ActiveCfg = Tests|Win32
		{8C52B34D-E09C-4A5D-8BFD-64881AA48408}.Tests|Mixed Platforms.Build.0 = Tests|Win32
		{8C52B34D-E09C-4A5D-8BFD-64881AA48408}.Tests|Win32.ActiveCfg = Tests|Win32
		{8C52B34D-E09C-4A5D-8BFD-64881AA48408}.Tests|Win32.Build.0 = Tests|Win32
		{8C52B34D-E09C-4A5D-8BFD-64881AA48408}.Tests|x64.ActiveCfg = Tests|x64
		{8C52B34D-E09C-4A5D-8BFD-64881AA48408}.Tests|x64.Build.0 = Tests|x64
		{794F4B83-BB1D-4A40-BF24-F1824243DBE9}.Debug|Mixed Platforms.ActiveCfg = Debug|Win32
		{794F4B83-BB1D-4A40-BF24-F1824243DBE9}.Debug|Mixed Platforms.Build.0 = Debug|Win32
		{794F4B83-BB1D-4A40-BF24-F1824243DBE9}.Debug|Win32.ActiveCfg = Debug|Win32
		{794F4B83-BB1D-4A40-BF24-F1824243DBE9}.Debug|x64.ActiveCfg = Debug|x64
		{794F4B83-BB1D-4A40-BF24-F1824243DBE9}.Release|Mixed Platforms.ActiveCfg = Release|Win32
		{794F4B83-BB1D-4A40-BF24-F1824243DBE9}.Release|Mixed Platforms.Build.0 = Release|Win32
		{794F4B83-BB1D-4A40-BF24-F1824243DBE9}.Release|Win32.ActiveCfg = Release|Win32
		{794F4B83-BB1D-4A40-BF24-F1824243DBE9}.Release|x64.ActiveCfg = Release|x64
		{794F4B83-BB1D-4A40-BF24-F1824243DBE9}.Tests|Mixed Platforms.ActiveCfg = Release|Win32
		{794F4B83-BB1D-4A40-BF24-F1824243DBE9}.Tests|Mixed Platforms.Build.0 = Release|Win32
		{794F4B83-BB1D-4A40-BF24-F1824243DBE9}.Tests|Win32.ActiveCfg = Release|Win32
		{794F4B83-BB1D-4A40-BF24-F1824243DBE9}.Tests|x64.ActiveCfg = Release|x64
		{A0E3B6F6-0D5E-4BCB-A861-1D4D9DE21B5C}.Debug|Mixed Platforms.ActiveCfg = Debug|Win32
		{A0E3B6F6-0D5E-4BCB-A861-1D4D9DE21B5C}.Debug|Mixed Platforms.Build.0 = Debug|Win32
		{A0E3B6F6-0D5E-4BCB-A861-1D4D9DE21B5C}.Debug|Win32.ActiveCfg = Debug|Win32
		{A0E3B6F6-0D5E-4BCB-A861-1D4D9DE21B5C}.Debug|Win32.Build.0 = Debug|Win32
		{A0E3B6F6-0D5E-4BCB-A861-1D4D9DE21B5C}.Debug|x64.ActiveCfg = Debug|x64
		{A0E3B6F6-0D5E-4BCB-A861-1D4D9DE21B5C}.Debug|x64.Build.0 = Debug|x64
		{A0E3B6F6-0D5E-4BCB-A861-1D4D9DE21B5C}.Release|Mixed Platforms.ActiveCfg = Release|Win32
		{A0E3B6F6-0D5E-4BCB-A861-1D4D9DE21B5C}.Release|Mixed Platforms.Build.0 = Release|Win32
		{A0E3B6F6-0D5E-4BCB-A861-1D4D9DE21B5C}.Release|Win32.ActiveCfg = Release|Win32
		{A0E3B6F6-0D5E-4BCB-A861-1D4D9DE21B5C}.Release|Win32.Build.0 = Release|Win32
		{A0E3B6F6-0D5E-4BCB-A861-1D4D9DE21B5C}.Release|x64.ActiveCfg = Release|x64
		{A0E3B6F6-0D5E-4BCB-A861-1D4D9DE21B5C}.Release|x64.Build.0 = Release|x64
		{A0E3B6F6-0D5E-4BCB-A861-1D4D9DE21B5C}.Tests|Mixed Platforms.ActiveCfg = Release|Win32
		{A0E3B6F6-0D5E-4BCB-A861-1D4D9DE21B5C}.Tests|Mixed Platforms.Build.0 = Release|Win32
		{A0E3B6F6-0D5E-4BCB-A861-1D4D9DE21B5C}.Tests|Win32.ActiveCfg = Tests|Win32
		{A0E3B6F6-0D5E-4BCB-A861-1D4D9DE21B5C}.Tests|Win32.Build.0 = Tests|Win32
		{A0E3B6F6-0D5E-4BCB-A861-1D4D9DE21B5C}.Tests|x64.ActiveCfg = Tests|x64
		{A0E3B6F6-0D5E-4BCB-A861-1D4D9DE21B5C}.Tests|x64.Build.0 = Tests|x64
	EndGlobalSection
	GlobalSection(SolutionProperties) = preSolution
		HideSolutionNode = FALSE
	EndGlobalSection
	GlobalSection(NestedProjects) = preSolution
		{A8B6EFB3-277C-42D6-A05E-78516E547F38} = {8564DB06-7F9E-4042-B32F-2B72606FBB18}
		{A247CFE6-877A-47B4-AB8B-8DFE7BEC1B9E} = {BD843C91-A252-49A7-8F49-D2BCE4D45099}
		{DA49481F-E328-4C1F-927C-44F818D30472} = {BD843C91-A252-49A7-8F49-D2BCE4D45099}
		{51552B6A-E22C-40CF-94AA-D8646C9354BE} = {08F3172A-4614-4841-A785-149B1D0F4FF8}
		{4954D18E-70A6-41B4-A6FB-88B1D9F96305} = {8564DB06-7F9E-4042-B32F-2B72606FBB18}
		{D58D2BC1-AC37-437A-BD7C-B0A97D4E4B69} = {8564DB06-7F9E-4042-B32F-2B72606FBB18}
		{6ADB1B59-6144-467C-ACF0-F5020BE17E77} = {4B1E75CE-EDB7-4B7C-ACD3-8D0264DC19A1}
		{7704536C-48E3-4524-92F4-5BD1DB721694} = {4B1E75CE-EDB7-4B7C-ACD3-8D0264DC19A1}
		{EECA53DC-7550-4A30-A6A8-C0194C21F91A} = {490B1D53-AD4D-4B75-814F-6E340F26D7BF}
		{CE1C0AC7-D05B-433C-A5EE-143E15037AF2} = {EECA53DC-7550-4A30-A6A8-C0194C21F91A}
		{392C0116-BA28-41BE-9439-E0248522C0E7} = {EECA53DC-7550-4A30-A6A8-C0194C21F91A}
		{48D28224-DB5D-41AC-B9AE-080F230083F2} = {EECA53DC-7550-4A30-A6A8-C0194C21F91A}
		{CB8ECB60-8C6B-4804-BBBF-DACAAED773AC} = {EECA53DC-7550-4A30-A6A8-C0194C21F91A}
		{ECE7A458-22F2-406C-991E-36D0E579E457} = {EECA53DC-7550-4A30-A6A8-C0194C21F91A}
		{4B1E75CE-EDB7-4B7C-ACD3-8D0264DC19A1} = {490B1D53-AD4D-4B75-814F-6E340F26D7BF}
		{C4CB2F58-BB6E-4AB4-894E-25C8EF668DCE} = {BD843C91-A252-49A7-8F49-D2BCE4D45099}
		{E8021FC9-3FF6-4F0E-AE07-785218336C11} = {08F3172A-4614-4841-A785-149B1D0F4FF8}
		{C8C552AA-0FB6-40CA-805D-122E7EB00225} = {BD843C91-A252-49A7-8F49-D2BCE4D45099}
		{E939D2D1-17B7-4720-8DE2-135A14DAD2A6} = {BD843C91-A252-49A7-8F49-D2BCE4D45099}
		{D9B54D02-1AA2-44C4-A755-0C12D2B15300} = {08F3172A-4614-4841-A785-149B1D0F4FF8}
		{8C52B34D-E09C-4A5D-8BFD-64881AA48408} = {08F3172A-4614-4841-A785-149B1D0F4FF8}
		{794F4B83-BB1D-4A40-BF24-F1824243DBE9} = {8564DB06-7F9E-4042-B32F-2B72606FBB18}
		{A0E3B6F6-0D5E-4BCB-A861-1D4D9DE21B5C} = {08F3172A-4614-4841-A785-149B1D0F4FF8}
	EndGlobalSection
EndGlobal
