
Microsoft Visual Studio Solution File, Format Version 12.00
# Visual Studio 2012
Project("{8BC9CEB8-8B4A-11D0-8D11-00A0C91BC942}") = "SpaceGame", "SpaceGame.vcxproj", "{A8B6EFB3-277C-42D6-A05E-78516E547F38}"
	ProjectSection(ProjectDependencies) = postProject
		{DA49481F-E328-4C1F-927C-44F818D30472} = {DA49481F-E328-4C1F-927C-44F818D30472}
		{4954D18E-70A6-41B4-A6FB-88B1D9F96305} = {4954D18E-70A6-41B4-A6FB-88B1D9F96305}
		{FE80B5AD-627F-2F44-AFEF-B553AE8CFECB} = {FE80B5AD-627F-2F44-AFEF-B553AE8CFECB}
		{A247CFE6-877A-47B4-AB8B-8DFE7BEC1B9E} = {A247CFE6-877A-47B4-AB8B-8DFE7BEC1B9E}
		{25B2D5F7-CF0B-48FF-A20C-66AA0155EC2F} = {25B2D5F7-CF0B-48FF-A20C-66AA0155EC2F}
	EndProjectSection
EndProject
Project("{8BC9CEB8-8B4A-11D0-8D11-00A0C91BC942}") = "TiCPP", "parser\TiCPP.vcxproj", "{FE80B5AD-627F-2F44-AFEF-B553AE8CFECB}"
	ProjectSection(ProjectDependencies) = postProject
		{4954D18E-70A6-41B4-A6FB-88B1D9F96305} = {4954D18E-70A6-41B4-A6FB-88B1D9F96305}
	EndProjectSection
EndProject
Project("{8BC9CEB8-8B4A-11D0-8D11-00A0C91BC942}") = "plugin", "plugin\plugin.vcxproj", "{A247CFE6-877A-47B4-AB8B-8DFE7BEC1B9E}"
	ProjectSection(ProjectDependencies) = postProject
		{DA49481F-E328-4C1F-927C-44F818D30472} = {DA49481F-E328-4C1F-927C-44F818D30472}
		{4954D18E-70A6-41B4-A6FB-88B1D9F96305} = {4954D18E-70A6-41B4-A6FB-88B1D9F96305}
		{25B2D5F7-CF0B-48FF-A20C-66AA0155EC2F} = {25B2D5F7-CF0B-48FF-A20C-66AA0155EC2F}
	EndProjectSection
EndProject
Project("{8BC9CEB8-8B4A-11D0-8D11-00A0C91BC942}") = "FuncTransf", "FuncTransf\FuncTransf.vcxproj", "{25B2D5F7-CF0B-48FF-A20C-66AA0155EC2F}"
	ProjectSection(ProjectDependencies) = postProject
		{DA49481F-E328-4C1F-927C-44F818D30472} = {DA49481F-E328-4C1F-927C-44F818D30472}
		{4954D18E-70A6-41B4-A6FB-88B1D9F96305} = {4954D18E-70A6-41B4-A6FB-88B1D9F96305}
		{FE80B5AD-627F-2F44-AFEF-B553AE8CFECB} = {FE80B5AD-627F-2F44-AFEF-B553AE8CFECB}
	EndProjectSection
EndProject
Project("{8BC9CEB8-8B4A-11D0-8D11-00A0C91BC942}") = "Logger", "Logger\Logger.vcxproj", "{DA49481F-E328-4C1F-927C-44F818D30472}"
	ProjectSection(ProjectDependencies) = postProject
		{4954D18E-70A6-41B4-A6FB-88B1D9F96305} = {4954D18E-70A6-41B4-A6FB-88B1D9F96305}
	EndProjectSection
EndProject
Project("{8BC9CEB8-8B4A-11D0-8D11-00A0C91BC942}") = "TestFunkcjiZmiany", "TestFunkcjiZmiany\TestFunkcjiZmiany.vcxproj", "{51552B6A-E22C-40CF-94AA-D8646C9354BE}"
	ProjectSection(ProjectDependencies) = postProject
		{DA49481F-E328-4C1F-927C-44F818D30472} = {DA49481F-E328-4C1F-927C-44F818D30472}
		{4954D18E-70A6-41B4-A6FB-88B1D9F96305} = {4954D18E-70A6-41B4-A6FB-88B1D9F96305}
		{FE80B5AD-627F-2F44-AFEF-B553AE8CFECB} = {FE80B5AD-627F-2F44-AFEF-B553AE8CFECB}
		{25B2D5F7-CF0B-48FF-A20C-66AA0155EC2F} = {25B2D5F7-CF0B-48FF-A20C-66AA0155EC2F}
	EndProjectSection
EndProject
Project("{8BC9CEB8-8B4A-11D0-8D11-00A0C91BC942}") = "makeversion", "makeversion\makeversion.vcxproj", "{4954D18E-70A6-41B4-A6FB-88B1D9F96305}"
EndProject
Project("{930C7802-8A8C-48F9-8165-68863BCCD9DD}") = "Instalator", "Instalator\Instalator.wixproj", "{D58D2BC1-AC37-437A-BD7C-B0A97D4E4B69}"
	ProjectSection(ProjectDependencies) = postProject
		{DA49481F-E328-4C1F-927C-44F818D30472} = {DA49481F-E328-4C1F-927C-44F818D30472}
		{51552B6A-E22C-40CF-94AA-D8646C9354BE} = {51552B6A-E22C-40CF-94AA-D8646C9354BE}
		{4954D18E-70A6-41B4-A6FB-88B1D9F96305} = {4954D18E-70A6-41B4-A6FB-88B1D9F96305}
		{FE80B5AD-627F-2F44-AFEF-B553AE8CFECB} = {FE80B5AD-627F-2F44-AFEF-B553AE8CFECB}
		{A8B6EFB3-277C-42D6-A05E-78516E547F38} = {A8B6EFB3-277C-42D6-A05E-78516E547F38}
		{A247CFE6-877A-47B4-AB8B-8DFE7BEC1B9E} = {A247CFE6-877A-47B4-AB8B-8DFE7BEC1B9E}
		{25B2D5F7-CF0B-48FF-A20C-66AA0155EC2F} = {25B2D5F7-CF0B-48FF-A20C-66AA0155EC2F}
	EndProjectSection
EndProject
Global
	GlobalSection(SolutionConfigurationPlatforms) = preSolution
		Debug|Mixed Platforms = Debug|Mixed Platforms
		Debug|x64 = Debug|x64
		Debug|x86 = Debug|x86
		Release|Mixed Platforms = Release|Mixed Platforms
		Release|x64 = Release|x64
		Release|x86 = Release|x86
	EndGlobalSection
	GlobalSection(ProjectConfigurationPlatforms) = postSolution
		{A8B6EFB3-277C-42D6-A05E-78516E547F38}.Debug|Mixed Platforms.ActiveCfg = Debug|Win32
		{A8B6EFB3-277C-42D6-A05E-78516E547F38}.Debug|Mixed Platforms.Build.0 = Debug|Win32
		{A8B6EFB3-277C-42D6-A05E-78516E547F38}.Debug|x64.ActiveCfg = Debug|x64
		{A8B6EFB3-277C-42D6-A05E-78516E547F38}.Debug|x64.Build.0 = Debug|x64
		{A8B6EFB3-277C-42D6-A05E-78516E547F38}.Debug|x86.ActiveCfg = Debug|Win32
		{A8B6EFB3-277C-42D6-A05E-78516E547F38}.Debug|x86.Build.0 = Debug|Win32
		{A8B6EFB3-277C-42D6-A05E-78516E547F38}.Debug|x86.Deploy.0 = Debug|Win32
		{A8B6EFB3-277C-42D6-A05E-78516E547F38}.Release|Mixed Platforms.ActiveCfg = Release|Win32
		{A8B6EFB3-277C-42D6-A05E-78516E547F38}.Release|Mixed Platforms.Build.0 = Release|Win32
		{A8B6EFB3-277C-42D6-A05E-78516E547F38}.Release|x64.ActiveCfg = Release|x64
		{A8B6EFB3-277C-42D6-A05E-78516E547F38}.Release|x64.Build.0 = Release|x64
		{A8B6EFB3-277C-42D6-A05E-78516E547F38}.Release|x86.ActiveCfg = Release|Win32
		{A8B6EFB3-277C-42D6-A05E-78516E547F38}.Release|x86.Build.0 = Release|Win32
		{FE80B5AD-627F-2F44-AFEF-B553AE8CFECB}.Debug|Mixed Platforms.ActiveCfg = Debug|Win32
		{FE80B5AD-627F-2F44-AFEF-B553AE8CFECB}.Debug|Mixed Platforms.Build.0 = Debug|Win32
		{FE80B5AD-627F-2F44-AFEF-B553AE8CFECB}.Debug|x64.ActiveCfg = Debug|x64
		{FE80B5AD-627F-2F44-AFEF-B553AE8CFECB}.Debug|x64.Build.0 = Debug|x64
		{FE80B5AD-627F-2F44-AFEF-B553AE8CFECB}.Debug|x86.ActiveCfg = Debug|Win32
		{FE80B5AD-627F-2F44-AFEF-B553AE8CFECB}.Debug|x86.Build.0 = Debug|Win32
		{FE80B5AD-627F-2F44-AFEF-B553AE8CFECB}.Release|Mixed Platforms.ActiveCfg = Release|Win32
		{FE80B5AD-627F-2F44-AFEF-B553AE8CFECB}.Release|Mixed Platforms.Build.0 = Release|Win32
		{FE80B5AD-627F-2F44-AFEF-B553AE8CFECB}.Release|x64.ActiveCfg = Release|x64
		{FE80B5AD-627F-2F44-AFEF-B553AE8CFECB}.Release|x64.Build.0 = Release|x64
		{FE80B5AD-627F-2F44-AFEF-B553AE8CFECB}.Release|x86.ActiveCfg = Release|Win32
		{FE80B5AD-627F-2F44-AFEF-B553AE8CFECB}.Release|x86.Build.0 = Release|Win32
		{A247CFE6-877A-47B4-AB8B-8DFE7BEC1B9E}.Debug|Mixed Platforms.ActiveCfg = Debug|Win32
		{A247CFE6-877A-47B4-AB8B-8DFE7BEC1B9E}.Debug|Mixed Platforms.Build.0 = Debug|Win32
		{A247CFE6-877A-47B4-AB8B-8DFE7BEC1B9E}.Debug|x64.ActiveCfg = Debug|x64
		{A247CFE6-877A-47B4-AB8B-8DFE7BEC1B9E}.Debug|x64.Build.0 = Debug|x64
		{A247CFE6-877A-47B4-AB8B-8DFE7BEC1B9E}.Debug|x86.ActiveCfg = Debug|Win32
		{A247CFE6-877A-47B4-AB8B-8DFE7BEC1B9E}.Debug|x86.Build.0 = Debug|Win32
		{A247CFE6-877A-47B4-AB8B-8DFE7BEC1B9E}.Release|Mixed Platforms.ActiveCfg = Release|Win32
		{A247CFE6-877A-47B4-AB8B-8DFE7BEC1B9E}.Release|Mixed Platforms.Build.0 = Release|Win32
		{A247CFE6-877A-47B4-AB8B-8DFE7BEC1B9E}.Release|x64.ActiveCfg = Release|x64
		{A247CFE6-877A-47B4-AB8B-8DFE7BEC1B9E}.Release|x64.Build.0 = Release|x64
		{A247CFE6-877A-47B4-AB8B-8DFE7BEC1B9E}.Release|x86.ActiveCfg = Release|Win32
		{A247CFE6-877A-47B4-AB8B-8DFE7BEC1B9E}.Release|x86.Build.0 = Release|Win32
		{25B2D5F7-CF0B-48FF-A20C-66AA0155EC2F}.Debug|Mixed Platforms.ActiveCfg = Debug|Win32
		{25B2D5F7-CF0B-48FF-A20C-66AA0155EC2F}.Debug|Mixed Platforms.Build.0 = Debug|Win32
		{25B2D5F7-CF0B-48FF-A20C-66AA0155EC2F}.Debug|x64.ActiveCfg = Debug|x64
		{25B2D5F7-CF0B-48FF-A20C-66AA0155EC2F}.Debug|x64.Build.0 = Debug|x64
		{25B2D5F7-CF0B-48FF-A20C-66AA0155EC2F}.Debug|x86.ActiveCfg = Debug|Win32
		{25B2D5F7-CF0B-48FF-A20C-66AA0155EC2F}.Debug|x86.Build.0 = Debug|Win32
		{25B2D5F7-CF0B-48FF-A20C-66AA0155EC2F}.Release|Mixed Platforms.ActiveCfg = Release|Win32
		{25B2D5F7-CF0B-48FF-A20C-66AA0155EC2F}.Release|Mixed Platforms.Build.0 = Release|Win32
		{25B2D5F7-CF0B-48FF-A20C-66AA0155EC2F}.Release|x64.ActiveCfg = Release|x64
		{25B2D5F7-CF0B-48FF-A20C-66AA0155EC2F}.Release|x64.Build.0 = Release|x64
		{25B2D5F7-CF0B-48FF-A20C-66AA0155EC2F}.Release|x86.ActiveCfg = Release|Win32
		{25B2D5F7-CF0B-48FF-A20C-66AA0155EC2F}.Release|x86.Build.0 = Release|Win32
		{DA49481F-E328-4C1F-927C-44F818D30472}.Debug|Mixed Platforms.ActiveCfg = Debug|Win32
		{DA49481F-E328-4C1F-927C-44F818D30472}.Debug|Mixed Platforms.Build.0 = Debug|Win32
		{DA49481F-E328-4C1F-927C-44F818D30472}.Debug|x64.ActiveCfg = Debug|x64
		{DA49481F-E328-4C1F-927C-44F818D30472}.Debug|x64.Build.0 = Debug|x64
		{DA49481F-E328-4C1F-927C-44F818D30472}.Debug|x86.ActiveCfg = Debug|Win32
		{DA49481F-E328-4C1F-927C-44F818D30472}.Debug|x86.Build.0 = Debug|Win32
		{DA49481F-E328-4C1F-927C-44F818D30472}.Release|Mixed Platforms.ActiveCfg = Release|Win32
		{DA49481F-E328-4C1F-927C-44F818D30472}.Release|Mixed Platforms.Build.0 = Release|Win32
		{DA49481F-E328-4C1F-927C-44F818D30472}.Release|x64.ActiveCfg = Release|x64
		{DA49481F-E328-4C1F-927C-44F818D30472}.Release|x64.Build.0 = Release|x64
		{DA49481F-E328-4C1F-927C-44F818D30472}.Release|x86.ActiveCfg = Release|Win32
		{DA49481F-E328-4C1F-927C-44F818D30472}.Release|x86.Build.0 = Release|Win32
		{51552B6A-E22C-40CF-94AA-D8646C9354BE}.Debug|Mixed Platforms.ActiveCfg = Debug|Win32
		{51552B6A-E22C-40CF-94AA-D8646C9354BE}.Debug|Mixed Platforms.Build.0 = Debug|Win32
		{51552B6A-E22C-40CF-94AA-D8646C9354BE}.Debug|x64.ActiveCfg = Debug|x64
		{51552B6A-E22C-40CF-94AA-D8646C9354BE}.Debug|x64.Build.0 = Debug|x64
		{51552B6A-E22C-40CF-94AA-D8646C9354BE}.Debug|x86.ActiveCfg = Debug|Win32
		{51552B6A-E22C-40CF-94AA-D8646C9354BE}.Debug|x86.Build.0 = Debug|Win32
		{51552B6A-E22C-40CF-94AA-D8646C9354BE}.Release|Mixed Platforms.ActiveCfg = Release|Win32
		{51552B6A-E22C-40CF-94AA-D8646C9354BE}.Release|Mixed Platforms.Build.0 = Release|Win32
		{51552B6A-E22C-40CF-94AA-D8646C9354BE}.Release|x64.ActiveCfg = Release|x64
		{51552B6A-E22C-40CF-94AA-D8646C9354BE}.Release|x64.Build.0 = Release|x64
		{51552B6A-E22C-40CF-94AA-D8646C9354BE}.Release|x86.ActiveCfg = Release|Win32
		{51552B6A-E22C-40CF-94AA-D8646C9354BE}.Release|x86.Build.0 = Release|Win32
		{51552B6A-E22C-40CF-94AA-D8646C9354BE}.Release|x86.Deploy.0 = Release|Win32
		{4954D18E-70A6-41B4-A6FB-88B1D9F96305}.Debug|Mixed Platforms.ActiveCfg = Debug|Win32
		{4954D18E-70A6-41B4-A6FB-88B1D9F96305}.Debug|Mixed Platforms.Build.0 = Debug|Win32
		{4954D18E-70A6-41B4-A6FB-88B1D9F96305}.Debug|x64.ActiveCfg = Debug|x64
		{4954D18E-70A6-41B4-A6FB-88B1D9F96305}.Debug|x64.Build.0 = Debug|x64
		{4954D18E-70A6-41B4-A6FB-88B1D9F96305}.Debug|x86.ActiveCfg = Debug|Win32
		{4954D18E-70A6-41B4-A6FB-88B1D9F96305}.Debug|x86.Build.0 = Debug|Win32
		{4954D18E-70A6-41B4-A6FB-88B1D9F96305}.Release|Mixed Platforms.ActiveCfg = Release|Win32
		{4954D18E-70A6-41B4-A6FB-88B1D9F96305}.Release|Mixed Platforms.Build.0 = Release|Win32
		{4954D18E-70A6-41B4-A6FB-88B1D9F96305}.Release|x64.ActiveCfg = Release|x64
		{4954D18E-70A6-41B4-A6FB-88B1D9F96305}.Release|x64.Build.0 = Release|x64
		{4954D18E-70A6-41B4-A6FB-88B1D9F96305}.Release|x86.ActiveCfg = Release|Win32
		{4954D18E-70A6-41B4-A6FB-88B1D9F96305}.Release|x86.Build.0 = Release|Win32
		{D58D2BC1-AC37-437A-BD7C-B0A97D4E4B69}.Debug|Mixed Platforms.ActiveCfg = Debug|x86
		{D58D2BC1-AC37-437A-BD7C-B0A97D4E4B69}.Debug|Mixed Platforms.Build.0 = Debug|x86
		{D58D2BC1-AC37-437A-BD7C-B0A97D4E4B69}.Debug|x64.ActiveCfg = Debug|x64
		{D58D2BC1-AC37-437A-BD7C-B0A97D4E4B69}.Debug|x86.ActiveCfg = Debug|x86
		{D58D2BC1-AC37-437A-BD7C-B0A97D4E4B69}.Release|Mixed Platforms.ActiveCfg = Release|x86
		{D58D2BC1-AC37-437A-BD7C-B0A97D4E4B69}.Release|Mixed Platforms.Build.0 = Release|x86
		{D58D2BC1-AC37-437A-BD7C-B0A97D4E4B69}.Release|x64.ActiveCfg = Release|x64
		{D58D2BC1-AC37-437A-BD7C-B0A97D4E4B69}.Release|x64.Build.0 = Release|x64
		{D58D2BC1-AC37-437A-BD7C-B0A97D4E4B69}.Release|x86.ActiveCfg = Release|x86
		{D58D2BC1-AC37-437A-BD7C-B0A97D4E4B69}.Release|x86.Build.0 = Release|x86
	EndGlobalSection
	GlobalSection(SolutionProperties) = preSolution
		HideSolutionNode = FALSE
	EndGlobalSection
EndGlobal
