<?xml version="1.0" encoding="utf-8"?>
<Project ToolsVersion="4.0" xmlns="http://schemas.microsoft.com/developer/msbuild/2003">
  <ItemGroup>
    <Filter Include="Source Files">
      <UniqueIdentifier>{4FC737F1-C7A5-4376-A066-2A32D752A2FF}</UniqueIdentifier>
      <Extensions>cpp;c;cc;cxx;def;odl;idl;hpj;bat;asm;asmx</Extensions>
    </Filter>
    <Filter Include="Header Files">
      <UniqueIdentifier>{93995380-89BD-4b04-88EB-625FBE52EBFB}</UniqueIdentifier>
      <Extensions>h;hh;hpp;hxx;hm;inl;inc;xsd</Extensions>
    </Filter>
    <Filter Include="Resource Files">
      <UniqueIdentifier>{67DA6AB6-F800-4c08-8B7A-83BB121AAD01}</UniqueIdentifier>
      <Extensions>rc;ico;cur;bmp;dlg;rc2;rct;bin;rgs;gif;jpg;jpeg;jpe;resx;tiff;tif;png;wav;mfcribbon-ms</Extensions>
    </Filter>
    <Filter Include="Resource Files\Dokumenty">
      <UniqueIdentifier>{e42044de-0ecb-4820-9a03-9e8bed62dafa}</UniqueIdentifier>
    </Filter>
    <Filter Include="Resource Files\DefinicjeXml">
      <UniqueIdentifier>{1baf3363-ec06-471b-a0c6-60def300387d}</UniqueIdentifier>
    </Filter>
  </ItemGroup>
  <ItemGroup>
    <Text Include="..\doc\conventions.txt">
      <Filter>Resource Files\Dokumenty</Filter>
    </Text>
    <Text Include="..\doc\gpl-3.0.txt">
      <Filter>Resource Files\Dokumenty</Filter>
    </Text>
    <Text Include="..\doc\TODO.txt">
      <Filter>Resource Files\Dokumenty</Filter>
    </Text>
  </ItemGroup>
  <ItemGroup>
    <None Include="..\doc\gpl-3.0.rtf">
      <Filter>Resource Files\Dokumenty</Filter>
    </None>
    <None Include="dokumentacjaDlaDewelopera">
      <Filter>Resource Files</Filter>
    </None>
  </ItemGroup>
  <ItemGroup>
    <ClInclude Include="Dokumentacja.h">
      <Filter>Header Files</Filter>
    </ClInclude>
  </ItemGroup>
  <ItemGroup>
    <Xsd Include="..\doc\dataSchema.xsd">
      <Filter>Resource Files\DefinicjeXml</Filter>
    </Xsd>
    <Xsd Include="..\doc\saveSchema.xsd">
      <Filter>Resource Files\DefinicjeXml</Filter>
    </Xsd>
    <Xsd Include="..\doc\ukladSchema.xsd">
      <Filter>Resource Files\DefinicjeXml</Filter>
    </Xsd>
    <Xsd Include="..\doc\userSchema.xsd">
      <Filter>Resource Files\DefinicjeXml</Filter>
    </Xsd>
  </ItemGroup>
</Project>