<?xml version="1.0" encoding="utf-8"?>
<Project ToolsVersion="4.0" xmlns="http://schemas.microsoft.com/developer/msbuild/2003">
  <ItemGroup>
    <ClCompile Include="Surowce.cpp">
      <Filter>SourceFile\Model\Obiekty\Surowce</Filter>
    </ClCompile>
    <ClCompile Include="SurowceInfo.cpp">
      <Filter>SourceFile\Model\Obiekty\Surowce</Filter>
    </ClCompile>
    <ClCompile Include="NiezgodnyTypSurowca.cpp">
      <Filter>SourceFile\Wyjatki</Filter>
    </ClCompile>
    <ClCompile Include="BrakAtrybutuXML.cpp">
      <Filter>SourceFile\Wyjatki\ParserXML</Filter>
    </ClCompile>
    <ClCompile Include="BrakMaski.cpp">
      <Filter>SourceFile\Wyjatki\ParserXML</Filter>
    </ClCompile>
    <ClCompile Include="Ladownia.cpp">
      <Filter>SourceFile\Model\Obiekty\Flota\Ladownia</Filter>
    </ClCompile>
    <ClCompile Include="LadowniaInfo.cpp">
      <Filter>SourceFile\Model\Obiekty\Flota\Ladownia</Filter>
    </ClCompile>
    <ClCompile Include="Statek.cpp">
      <Filter>SourceFile\Model\Obiekty\Flota\Statek</Filter>
    </ClCompile>
    <ClCompile Include="StatekInfo.cpp">
      <Filter>SourceFile\Model\Obiekty\Flota\Statek</Filter>
    </ClCompile>
    <ClCompile Include="JednostkaAtakujaca.cpp">
      <Filter>SourceFile\Model\Obiekty\Flota\JednostkaAtakujaca</Filter>
    </ClCompile>
    <ClCompile Include="JednostkaAtakujacaInfo.cpp">
      <Filter>SourceFile\Model\Obiekty\Flota\JednostkaAtakujaca</Filter>
    </ClCompile>
    <ClCompile Include="JednostkaLatajaca.cpp">
      <Filter>SourceFile\Model\Obiekty\Flota\JednostkaLatajaca</Filter>
    </ClCompile>
    <ClCompile Include="JednostkaLatajacaInfo.cpp">
      <Filter>SourceFile\Model\Obiekty\Flota\JednostkaLatajaca</Filter>
    </ClCompile>
    <ClCompile Include="WyjatekParseraXML.cpp">
      <Filter>SourceFile\Wyjatki\ParserXML</Filter>
    </ClCompile>
    <ClCompile Include="BladLaczeniaObiektow.cpp">
      <Filter>SourceFile\Wyjatki</Filter>
    </ClCompile>
    <ClCompile Include="BladDzieleniaLadowni.cpp">
      <Filter>SourceFile\Wyjatki</Filter>
    </ClCompile>
    <ClCompile Include="NiepoprawneParametryFunkcji.cpp">
      <Filter>SourceFile\Wyjatki\WyjatkiOgolne</Filter>
    </ClCompile>
    <ClCompile Include="NiezainicjalizowanaKlasa.cpp">
      <Filter>SourceFile\Wyjatki\WyjatkiOgolne</Filter>
    </ClCompile>
    <ClCompile Include="NieznalezionoObiektu.cpp">
      <Filter>SourceFile\Wyjatki\WyjatkiOgolne</Filter>
    </ClCompile>
    <ClCompile Include="NiepoprawnaIloscObiektow.cpp">
      <Filter>SourceFile\Wyjatki\WyjatkiOgolne</Filter>
    </ClCompile>
    <ClCompile Include="WyjatekSTL.cpp">
      <Filter>SourceFile\Wyjatki\KlasaBazowa</Filter>
    </ClCompile>
    <ClCompile Include="Aplikacja.cpp">
      <Filter>SourceFile\KlasyGlowne</Filter>
    </ClCompile>
    <ClCompile Include="Wymagania.cpp">
      <Filter>SourceFile\Model\Wymagania</Filter>
    </ClCompile>
    <ClCompile Include="Wyjatki.cpp">
      <Filter>SourceFile\DomysleWartosci</Filter>
    </ClCompile>
    <ClCompile Include="Stale.cpp">
      <Filter>SourceFile\DomysleWartosci</Filter>
    </ClCompile>
    <ClCompile Include="ApInfo.cpp">
      <Filter>SourceFile\KlasyGlowne</Filter>
    </ClCompile>
    <ClCompile Include="Gra.cpp">
      <Filter>SourceFile\KlasyGlowne</Filter>
    </ClCompile>
    <ClCompile Include="Uzytkownik.cpp">
      <Filter>SourceFile\KlasyGlowne</Filter>
    </ClCompile>
    <ClCompile Include="TechnologiaInfo.cpp">
      <Filter>SourceFile\Model\Obiekty\Technologia</Filter>
    </ClCompile>
    <ClCompile Include="Technologia.cpp">
      <Filter>SourceFile\Model\Obiekty\Technologia</Filter>
    </ClCompile>
    <ClCompile Include="Budynek.cpp">
      <Filter>SourceFile\Model\Obiekty\Budynek</Filter>
    </ClCompile>
    <ClCompile Include="BudynekInfo.cpp">
      <Filter>SourceFile\Model\Obiekty\Budynek</Filter>
    </ClCompile>
    <ClCompile Include="Flota.cpp">
      <Filter>SourceFile\Model\Obiekty\Flota</Filter>
    </ClCompile>
    <ClCompile Include="InicjalizacjaDanychTestowych.cpp">
      <Filter>Testy\KlasyTestowe\Inicjalizowanie</Filter>
    </ClCompile>
    <ClCompile Include="LogowanieTest.cpp">
      <Filter>Testy\KlasyTestowe\Inicjalizowanie</Filter>
    </ClCompile>
    <ClCompile Include="InicjalizacjaTestow.cpp">
      <Filter>Testy\KlasyTestowe\Inicjalizowanie</Filter>
    </ClCompile>
    <ClCompile Include="TworzenieObiektowTest.cpp">
      <Filter>Testy\KlasyTestowe\Inicjalizowanie</Filter>
    </ClCompile>
    <ClCompile Include="NiepoprawneParametryFunkcjiTest.cpp">
      <Filter>Testy\KlasyTestowe\TestyJednostkowe</Filter>
    </ClCompile>
    <ClCompile Include="ZapisStanuGryTest.cpp">
      <Filter>Testy\KlasyTestowe\Czyszczenie</Filter>
    </ClCompile>
    <ClCompile Include="LadowniaTest.cpp">
      <Filter>Testy\KlasyTestowe\TestyJednostkowe</Filter>
    </ClCompile>
    <ClCompile Include="ObiektListTest.cpp">
      <Filter>Testy\KlasyTestowe\TestyJednostkowe</Filter>
    </ClCompile>
    <ClCompile Include="WymaganiaTest.cpp">
      <Filter>Testy\KlasyTestowe\TestyJednostkowe</Filter>
    </ClCompile>
    <ClCompile Include="TechnologiaTest.cpp">
      <Filter>Testy\KlasyTestowe\TestyJednostkowe</Filter>
    </ClCompile>
    <ClCompile Include="BudynekTest.cpp">
      <Filter>Testy\KlasyTestowe\TestyJednostkowe</Filter>
    </ClCompile>
    <ClCompile Include="maintest.cpp">
      <Filter>SourceFile\KlasyGlowne</Filter>
    </ClCompile>
    <ClCompile Include="Utils.cpp">
      <Filter>SourceFile\KlasyPomocnicze</Filter>
    </ClCompile>
    <ClCompile Include="HangarInfo.cpp">
      <Filter>SourceFile\Model\Obiekty\Flota\Hangar</Filter>
    </ClCompile>
    <ClCompile Include="Hangar.cpp">
      <Filter>SourceFile\Model\Obiekty\Flota\Hangar</Filter>
    </ClCompile>
    <ClCompile Include="HangarTest.cpp">
      <Filter>Testy\KlasyTestowe\TestyJednostkowe</Filter>
    </ClCompile>
    <ClCompile Include="MenedzerTranzakcji.cpp">
      <Filter>SourceFile\KlasyPomocnicze\Tranzakcyjnosc</Filter>
    </ClCompile>
    <ClCompile Include="Operacja.cpp">
      <Filter>SourceFile\KlasyPomocnicze\Tranzakcyjnosc</Filter>
    </ClCompile>
    <ClCompile Include="NiepowodzenieTranzakcji.cpp">
      <Filter>SourceFile\Wyjatki</Filter>
    </ClCompile>
    <ClCompile Include="ZleceniaTest.cpp">
      <Filter>Testy\KlasyTestowe\Inicjalizowanie</Filter>
    </ClCompile>
    <ClCompile Include="ObronaInfo.cpp">
      <Filter>SourceFile\Model\Obiekty\Obrona</Filter>
    </ClCompile>
    <ClCompile Include="Obrona.cpp">
      <Filter>SourceFile\Model\Obiekty\Obrona</Filter>
    </ClCompile>
    <ClCompile Include="ObronaTest.cpp">
      <Filter>Testy\KlasyTestowe\TestyJednostkowe</Filter>
    </ClCompile>
    <ClCompile Include="StatekTest.cpp">
      <Filter>Testy\KlasyTestowe\TestyJednostkowe</Filter>
    </ClCompile>
    <ClCompile Include="PlanetaTest.cpp">
      <Filter>Testy\KlasyTestowe\TestyJednostkowe</Filter>
    </ClCompile>
    <ClCompile Include="keccak.cpp">
      <Filter>Biblioteki\sha-3</Filter>
    </ClCompile>
    <ClCompile Include="Planeta.cpp">
      <Filter>SourceFile\Model\Lokacje</Filter>
    </ClCompile>
    <ClCompile Include="Walidator.cpp">
      <Filter>SourceFile\KlasyPomocnicze</Filter>
    </ClCompile>
    <ClCompile Include="UkladSloneczny.cpp">
      <Filter>SourceFile\Model\Lokacje</Filter>
    </ClCompile>
    <ClCompile Include="GeneratorUkladow.cpp">
      <Filter>SourceFile\Model\Lokacje</Filter>
    </ClCompile>
    <ClCompile Include="Galaktyka.cpp">
      <Filter>SourceFile\Model\Lokacje</Filter>
    </ClCompile>
    <ClCompile Include="GenerowanieTest.cpp">
      <Filter>Testy\KlasyTestowe\Inicjalizowanie</Filter>
    </ClCompile>
    <ClCompile Include="ZarzadcaPamieci.cpp">
      <Filter>SourceFile\KlasyGlowne</Filter>
    </ClCompile>
    <ClCompile Include="RoundedRectangleShape.cpp">
      <Filter>SourceFile\GUI\SFML</Filter>
    </ClCompile>
    <ClCompile Include="Watek.cpp">
      <Filter>SourceFile\MultiThreading</Filter>
    </ClCompile>
    <ClCompile Include="OknoGry.cpp">
      <Filter>SourceFile\GUI\Ekrany</Filter>
    </ClCompile>
    <ClCompile Include="MaszynaStanow.cpp">
      <Filter>SourceFile\MaszynaStanow</Filter>
    </ClCompile>
    <ClCompile Include="StanInfo.cpp">
      <Filter>SourceFile\MaszynaStanow</Filter>
    </ClCompile>
    <ClCompile Include="Stan.cpp">
      <Filter>SourceFile\MaszynaStanow</Filter>
    </ClCompile>
    <ClCompile Include="ZdarzenieInfo.cpp">
      <Filter>SourceFile\MaszynaStanow</Filter>
    </ClCompile>
    <ClCompile Include="EkranSzablon.cpp">
      <Filter>SourceFile\GUI\Ekrany\Szablon</Filter>
    </ClCompile>
    <ClCompile Include="EkranStartowy.cpp">
      <Filter>SourceFile\GUI\Ekrany\Instancje</Filter>
    </ClCompile>
    <ClCompile Include="luaFunc.cpp">
      <Filter>SourceFile\KlasyGlowne</Filter>
    </ClCompile>
    <ClCompile Include="CzyszczenieDanychTest.cpp">
      <Filter>Testy\KlasyTestowe\Czyszczenie</Filter>
    </ClCompile>
    <ClCompile Include="MenadzerWatkow.cpp">
      <Filter>SourceFile\MultiThreading</Filter>
    </ClCompile>
    <ClCompile Include="LuaSkrypt.cpp">
      <Filter>SourceFile\MaszynaStanow</Filter>
    </ClCompile>
    <ClCompile Include="WatekZarzadzany.cpp">
      <Filter>SourceFile\MultiThreading</Filter>
    </ClCompile>
    <ClCompile Include="Zadanie.cpp">
      <Filter>SourceFile\MultiThreading</Filter>
    </ClCompile>
    <ClCompile Include="ParserTest.cpp">
      <Filter>Testy\KlasyTestowe\Inicjalizowanie</Filter>
    </ClCompile>
    <ClCompile Include="PodstawoweParametry.cpp">
      <Filter>SourceFile\Model\BaseClass</Filter>
    </ClCompile>
    <ClCompile Include="Info.cpp">
      <Filter>SourceFile\Model\BaseClass</Filter>
    </ClCompile>
    <ClCompile Include="Obiekt.cpp">
      <Filter>SourceFile\Model\BaseClass</Filter>
    </ClCompile>
    <ClCompile Include="Kryterium.cpp">
      <Filter>SourceFile\Model\Wymagania</Filter>
    </ClCompile>
    <ClCompile Include="Licznik.cpp">
      <Filter>SourceFile\Model\BaseClass</Filter>
    </ClCompile>
    <ClCompile Include="ObiektInfo.cpp">
      <Filter>SourceFile\Model\BaseClass</Filter>
    </ClCompile>
    <ClCompile Include="ZmianaPoziomObiektu.cpp">
      <Filter>SourceFile\Model\BaseClass</Filter>
    </ClCompile>
    <ClCompile Include="PaczkaTestow.cpp">
      <Filter>Testy\Biblioteka</Filter>
    </ClCompile>
    <ClCompile Include="TestyJednostkowe.cpp">
      <Filter>Testy\Biblioteka</Filter>
    </ClCompile>
    <ClCompile Include="WyjatekSprawdzeniaWarunku.cpp">
      <Filter>Testy\Biblioteka</Filter>
    </ClCompile>
  </ItemGroup>
  <ItemGroup>
    <ClInclude Include="Surowce.h">
      <Filter>SourceFile\Model\Obiekty\Surowce</Filter>
    </ClInclude>
    <ClInclude Include="NiezgodnyTypSurowca.h">
      <Filter>SourceFile\Wyjatki</Filter>
    </ClInclude>
    <ClInclude Include="BrakAtrybutuXML.h">
      <Filter>SourceFile\Wyjatki\ParserXML</Filter>
    </ClInclude>
    <ClInclude Include="BrakMaski.h">
      <Filter>SourceFile\Wyjatki\ParserXML</Filter>
    </ClInclude>
    <ClInclude Include="Ladownia.h">
      <Filter>SourceFile\Model\Obiekty\Flota\Ladownia</Filter>
    </ClInclude>
    <ClInclude Include="LadowniaInfo.h">
      <Filter>SourceFile\Model\Obiekty\Flota\Ladownia</Filter>
    </ClInclude>
    <ClInclude Include="Statek.h">
      <Filter>SourceFile\Model\Obiekty\Flota\Statek</Filter>
    </ClInclude>
    <ClInclude Include="StatekInfo.h">
      <Filter>SourceFile\Model\Obiekty\Flota\Statek</Filter>
    </ClInclude>
    <ClInclude Include="JednostkaAtakujaca.h">
      <Filter>SourceFile\Model\Obiekty\Flota\JednostkaAtakujaca</Filter>
    </ClInclude>
    <ClInclude Include="JednostkaAtakujacaInfo.h">
      <Filter>SourceFile\Model\Obiekty\Flota\JednostkaAtakujaca</Filter>
    </ClInclude>
    <ClInclude Include="JednostkaLatajacaInfo.h">
      <Filter>SourceFile\Model\Obiekty\Flota\JednostkaLatajaca</Filter>
    </ClInclude>
    <ClInclude Include="JednostkaLatajaca.h">
      <Filter>SourceFile\Model\Obiekty\Flota\JednostkaLatajaca</Filter>
    </ClInclude>
    <ClInclude Include="WyjatekParseraXML.h">
      <Filter>SourceFile\Wyjatki\ParserXML</Filter>
    </ClInclude>
    <ClInclude Include="BladLaczeniaObiektow.h">
      <Filter>SourceFile\Wyjatki</Filter>
    </ClInclude>
    <ClInclude Include="BladDzieleniaLadowni.h">
      <Filter>SourceFile\Wyjatki</Filter>
    </ClInclude>
    <ClInclude Include="NiepoprawneParametryFunkcji.h">
      <Filter>SourceFile\Wyjatki\WyjatkiOgolne</Filter>
    </ClInclude>
    <ClInclude Include="NiezainicjalizowanaKlasa.h">
      <Filter>SourceFile\Wyjatki\WyjatkiOgolne</Filter>
    </ClInclude>
    <ClInclude Include="NieznalezionoObiektu.h">
      <Filter>SourceFile\Wyjatki\WyjatkiOgolne</Filter>
    </ClInclude>
    <ClInclude Include="NiepoprawnaIloscObiektow.h">
      <Filter>SourceFile\Wyjatki\WyjatkiOgolne</Filter>
    </ClInclude>
    <ClInclude Include="WyjatekSTL.h">
      <Filter>SourceFile\Wyjatki\KlasaBazowa</Filter>
    </ClInclude>
    <ClInclude Include="Aplikacja.h">
      <Filter>SourceFile\KlasyGlowne</Filter>
    </ClInclude>
    <ClInclude Include="Biblioteki.h">
      <Filter>SourceFile\KlasyGlowne</Filter>
    </ClInclude>
    <ClInclude Include="Main.h">
      <Filter>SourceFile\KlasyGlowne</Filter>
    </ClInclude>
    <ClInclude Include="MakeVector.h">
      <Filter>SourceFile\KlasyPomocnicze</Filter>
    </ClInclude>
    <ClInclude Include="resource.h">
      <Filter>Resource</Filter>
    </ClInclude>
    <ClInclude Include="afxres.h">
      <Filter>Resource</Filter>
    </ClInclude>
    <ClInclude Include="Wymagania.h">
      <Filter>SourceFile\Model\Wymagania</Filter>
    </ClInclude>
    <ClInclude Include="Stale.h">
      <Filter>SourceFile\DomysleWartosci</Filter>
    </ClInclude>
    <ClInclude Include="Library.h">
      <Filter>SourceFile\KlasyGlowne</Filter>
    </ClInclude>
    <ClInclude Include="Gra.h">
      <Filter>SourceFile\KlasyGlowne</Filter>
    </ClInclude>
    <ClInclude Include="Uzytkownik.h">
      <Filter>SourceFile\KlasyGlowne</Filter>
    </ClInclude>
    <ClInclude Include="TechnologiaInfo.h">
      <Filter>SourceFile\Model\Obiekty\Technologia</Filter>
    </ClInclude>
    <ClInclude Include="Technologia.h">
      <Filter>SourceFile\Model\Obiekty\Technologia</Filter>
    </ClInclude>
    <ClInclude Include="Budynek.h">
      <Filter>SourceFile\Model\Obiekty\Budynek</Filter>
    </ClInclude>
    <ClInclude Include="BudynekInfo.h">
      <Filter>SourceFile\Model\Obiekty\Budynek</Filter>
    </ClInclude>
    <ClInclude Include="Serializacja.h">
      <Filter>SourceFile\KlasyPomocnicze</Filter>
    </ClInclude>
    <ClInclude Include="Utils.h">
      <Filter>SourceFile\KlasyPomocnicze</Filter>
    </ClInclude>
    <ClInclude Include="Flota.h">
      <Filter>SourceFile\Model\Obiekty\Flota</Filter>
    </ClInclude>
    <ClInclude Include="LogowanieTest.h">
      <Filter>Testy\KlasyTestowe\Inicjalizowanie</Filter>
    </ClInclude>
    <ClInclude Include="InicjalizacjaDanychTestowych.h">
      <Filter>Testy\KlasyTestowe\Inicjalizowanie</Filter>
    </ClInclude>
    <ClInclude Include="TworzenieObiektowTest.h">
      <Filter>Testy\KlasyTestowe\Inicjalizowanie</Filter>
    </ClInclude>
    <ClInclude Include="NiepoprawneParametryFunkcjiTest.h">
      <Filter>Testy\KlasyTestowe\TestyJednostkowe</Filter>
    </ClInclude>
    <ClInclude Include="ZapisStanuGryTest.h">
      <Filter>Testy\KlasyTestowe\Czyszczenie</Filter>
    </ClInclude>
    <ClInclude Include="LadowniaTest.h">
      <Filter>Testy\KlasyTestowe\TestyJednostkowe</Filter>
    </ClInclude>
    <ClInclude Include="ObiektListTest.h">
      <Filter>Testy\KlasyTestowe\TestyJednostkowe</Filter>
    </ClInclude>
    <ClInclude Include="WymaganiaTest.h">
      <Filter>Testy\KlasyTestowe\TestyJednostkowe</Filter>
    </ClInclude>
    <ClInclude Include="StatekTest.h">
      <Filter>Testy\KlasyTestowe\TestyJednostkowe</Filter>
    </ClInclude>
    <ClInclude Include="TechnologiaTest.h">
      <Filter>Testy\KlasyTestowe\TestyJednostkowe</Filter>
    </ClInclude>
    <ClInclude Include="BudynekTest.h">
      <Filter>Testy\KlasyTestowe\TestyJednostkowe</Filter>
    </ClInclude>
    <ClInclude Include="HangarInfo.h">
      <Filter>SourceFile\Model\Obiekty\Flota\Hangar</Filter>
    </ClInclude>
    <ClInclude Include="Hangar.h">
      <Filter>SourceFile\Model\Obiekty\Flota\Hangar</Filter>
    </ClInclude>
    <ClInclude Include="HangarTest.h">
      <Filter>Testy\KlasyTestowe\TestyJednostkowe</Filter>
    </ClInclude>
    <ClInclude Include="MenedzerTranzakcji.h">
      <Filter>SourceFile\KlasyPomocnicze\Tranzakcyjnosc</Filter>
    </ClInclude>
    <ClInclude Include="Operacja.h">
      <Filter>SourceFile\KlasyPomocnicze\Tranzakcyjnosc</Filter>
    </ClInclude>
    <ClInclude Include="NiepowodzenieTranzakcji.h">
      <Filter>SourceFile\Wyjatki</Filter>
    </ClInclude>
    <ClInclude Include="Zlecenie.h">
      <Filter>SourceFile\KlasyPomocnicze\Tranzakcyjnosc</Filter>
    </ClInclude>
    <ClInclude Include="ZleceniaTest.h">
      <Filter>Testy\KlasyTestowe\Inicjalizowanie</Filter>
    </ClInclude>
    <ClInclude Include="Zlecenia.h">
      <Filter>SourceFile\KlasyPomocnicze\Tranzakcyjnosc</Filter>
    </ClInclude>
    <ClInclude Include="ObronaInfo.h">
      <Filter>SourceFile\Model\Obiekty\Obrona</Filter>
    </ClInclude>
    <ClInclude Include="Obrona.h">
      <Filter>SourceFile\Model\Obiekty\Obrona</Filter>
    </ClInclude>
    <ClInclude Include="ObronaTest.h">
      <Filter>Testy\KlasyTestowe\TestyJednostkowe</Filter>
    </ClInclude>
    <ClInclude Include="PlanetaTest.h">
      <Filter>Testy\KlasyTestowe\TestyJednostkowe</Filter>
    </ClInclude>
    <ClInclude Include="keccak.h">
      <Filter>Biblioteki\sha-3</Filter>
    </ClInclude>
    <ClInclude Include="Planeta.h">
      <Filter>SourceFile\Model\Lokacje</Filter>
    </ClInclude>
    <ClInclude Include="Walidator.h">
      <Filter>SourceFile\KlasyPomocnicze</Filter>
    </ClInclude>
    <ClInclude Include="UkladSloneczny.h">
      <Filter>SourceFile\Model\Lokacje</Filter>
    </ClInclude>
    <ClInclude Include="GeneratorUkladow.h">
      <Filter>SourceFile\Model\Lokacje</Filter>
    </ClInclude>
    <ClInclude Include="Galaktyka.h">
      <Filter>SourceFile\Model\Lokacje</Filter>
    </ClInclude>
    <ClInclude Include="GenerowanieTest.h">
      <Filter>Testy\KlasyTestowe\Inicjalizowanie</Filter>
    </ClInclude>
    <ClInclude Include="ZarzadcaPamieci.h">
      <Filter>SourceFile\KlasyGlowne</Filter>
    </ClInclude>
    <ClInclude Include="stdafx.h">
      <Filter>SourceFile\KlasyGlowne</Filter>
    </ClInclude>
    <ClInclude Include="RoundedRectangleShape.hpp">
      <Filter>SourceFile\GUI\SFML</Filter>
    </ClInclude>
    <ClInclude Include="Watek.h">
      <Filter>SourceFile\MultiThreading</Filter>
    </ClInclude>
    <ClInclude Include="version.h">
      <Filter>Resource\Wersja</Filter>
    </ClInclude>
    <ClInclude Include="svn_version.h">
      <Filter>Resource\Wersja</Filter>
    </ClInclude>
    <ClInclude Include="Dokumentacja.h">
      <Filter>Resource\Dokumentacja</Filter>
    </ClInclude>
    <ClInclude Include="OknoGry.h">
      <Filter>SourceFile\GUI\Ekrany</Filter>
    </ClInclude>
    <ClInclude Include="MaszynaStanow.h">
      <Filter>SourceFile\MaszynaStanow</Filter>
    </ClInclude>
    <ClInclude Include="StanInfo.h">
      <Filter>SourceFile\MaszynaStanow</Filter>
    </ClInclude>
    <ClInclude Include="Stan.h">
      <Filter>SourceFile\MaszynaStanow</Filter>
    </ClInclude>
    <ClInclude Include="ZdarzenieInfo.h">
      <Filter>SourceFile\MaszynaStanow</Filter>
    </ClInclude>
    <ClInclude Include="Zdarzenie.h">
      <Filter>SourceFile\MaszynaStanow</Filter>
    </ClInclude>
    <ClInclude Include="Singleton.h">
      <Filter>SourceFile\KlasyGlowne\Szkielet</Filter>
    </ClInclude>
    <ClInclude Include="NonCopyable.h">
      <Filter>SourceFile\KlasyGlowne\Szkielet</Filter>
    </ClInclude>
    <ClInclude Include="NonMoveable.h">
      <Filter>SourceFile\KlasyGlowne\Szkielet</Filter>
    </ClInclude>
    <ClInclude Include="EkranSzablon.h">
      <Filter>SourceFile\GUI\Ekrany\Szablon</Filter>
    </ClInclude>
    <ClInclude Include="EkranStartowy.h">
      <Filter>SourceFile\GUI\Ekrany\Instancje</Filter>
    </ClInclude>
    <ClInclude Include="CzyszczenieDanychTest.h">
      <Filter>Testy\KlasyTestowe\Czyszczenie</Filter>
    </ClInclude>
    <ClInclude Include="TypyEksportowne.h">
      <Filter>SourceFile\MaszynaStanow</Filter>
    </ClInclude>
    <ClInclude Include="MenadzerWatkow.h">
      <Filter>SourceFile\MultiThreading</Filter>
    </ClInclude>
    <ClInclude Include="LuaSkrypt.h">
      <Filter>SourceFile\MaszynaStanow</Filter>
    </ClInclude>
    <ClInclude Include="WatekZarzadzany.h">
      <Filter>SourceFile\MultiThreading</Filter>
    </ClInclude>
    <ClInclude Include="Zadanie.h">
      <Filter>SourceFile\MultiThreading</Filter>
    </ClInclude>
    <ClInclude Include="ParserTest.h">
      <Filter>Testy\KlasyTestowe\Inicjalizowanie</Filter>
    </ClInclude>
    <ClInclude Include="PodstawoweParametry.h">
      <Filter>SourceFile\Model\BaseClass</Filter>
    </ClInclude>
    <ClInclude Include="Info.h">
      <Filter>SourceFile\Model\BaseClass</Filter>
    </ClInclude>
    <ClInclude Include="Obiekt.h">
      <Filter>SourceFile\Model\BaseClass</Filter>
    </ClInclude>
    <ClInclude Include="Kryterium.h">
      <Filter>SourceFile\Model\Wymagania</Filter>
    </ClInclude>
    <ClInclude Include="SzablonKryterium.h">
      <Filter>SourceFile\Model\Wymagania</Filter>
    </ClInclude>
    <ClInclude Include="definicjeWezlowXML.h">
      <Filter>SourceFile\KlasyPomocnicze</Filter>
    </ClInclude>
    <ClInclude Include="Licznik.h">
      <Filter>SourceFile\Model\BaseClass</Filter>
    </ClInclude>
    <ClInclude Include="ListaObiektow.hpp">
      <Filter>SourceFile\Model\BaseClass</Filter>
    </ClInclude>
    <ClInclude Include="ObiektInfo.h">
      <Filter>SourceFile\Model\BaseClass</Filter>
    </ClInclude>
    <ClInclude Include="ZmianaPoziomObiektu.h">
      <Filter>SourceFile\Model\BaseClass</Filter>
    </ClInclude>
    <ClInclude Include="MakraDlaTestow.h">
      <Filter>Testy\Biblioteka</Filter>
    </ClInclude>
    <ClInclude Include="PaczkaTestow.h">
      <Filter>Testy\Biblioteka</Filter>
    </ClInclude>
    <ClInclude Include="TestyJednostkowe.h">
      <Filter>Testy\Biblioteka</Filter>
    </ClInclude>
    <ClInclude Include="WyjatekSprawdzeniaWarunku.h">
      <Filter>Testy\Biblioteka</Filter>
    </ClInclude>
    <ClInclude Include="SurowceInfo.h">
      <Filter>SourceFile\Model\Obiekty\Surowce</Filter>
    </ClInclude>
  </ItemGroup>
  <ItemGroup>
    <Filter Include="SourceFile">
      <UniqueIdentifier>{2f5eb13d-0853-4047-b9a1-ec20ebf69b8d}</UniqueIdentifier>
    </Filter>
    <Filter Include="SourceFile\Wyjatki">
      <UniqueIdentifier>{0fc566f9-2bd3-44e6-9764-130d86fb8010}</UniqueIdentifier>
    </Filter>
    <Filter Include="Data">
      <UniqueIdentifier>{5d287571-6848-4c07-9047-36c8210173c0}</UniqueIdentifier>
    </Filter>
    <Filter Include="Doc">
      <UniqueIdentifier>{c3fb4279-d815-4008-a8cc-069b4a8e4b95}</UniqueIdentifier>
    </Filter>
    <Filter Include="SourceFile\Wyjatki\ParserXML">
      <UniqueIdentifier>{ba14294d-6d92-4503-81b4-e7f6ac67aeec}</UniqueIdentifier>
    </Filter>
    <Filter Include="SourceFile\Wyjatki\WyjatkiOgolne">
      <UniqueIdentifier>{c1f4d8fa-8d8e-45d3-92fb-0b506e96d594}</UniqueIdentifier>
    </Filter>
    <Filter Include="SourceFile\Wyjatki\KlasaBazowa">
      <UniqueIdentifier>{b8371ecf-9bbc-4a68-94eb-8f90aeef3e71}</UniqueIdentifier>
    </Filter>
    <Filter Include="SourceFile\KlasyGlowne">
      <UniqueIdentifier>{703f8f7c-63c3-4bf3-9541-c8f98fd4902e}</UniqueIdentifier>
    </Filter>
    <Filter Include="SourceFile\KlasyPomocnicze">
      <UniqueIdentifier>{6a43f607-5cee-48af-be60-d2eb6e1b0e2b}</UniqueIdentifier>
    </Filter>
    <Filter Include="SourceFile\DomysleWartosci">
      <UniqueIdentifier>{6f405ef5-dac8-4c81-a144-5dde19dd7b2b}</UniqueIdentifier>
    </Filter>
    <Filter Include="Testy">
      <UniqueIdentifier>{4ab78a3d-48b6-4c0f-b276-81d74c71f295}</UniqueIdentifier>
    </Filter>
    <Filter Include="Testy\Biblioteka">
      <UniqueIdentifier>{9dd14e70-ad3e-4f45-9407-eae3efdc90cd}</UniqueIdentifier>
    </Filter>
    <Filter Include="Testy\KlasyTestowe">
      <UniqueIdentifier>{a00cb81f-9947-477b-8c7d-a392a9e4ca6d}</UniqueIdentifier>
    </Filter>
    <Filter Include="Testy\KlasyTestowe\TestyJednostkowe">
      <UniqueIdentifier>{2ad6cfcc-5b9b-49b5-af20-d672f32271e2}</UniqueIdentifier>
    </Filter>
    <Filter Include="Testy\KlasyTestowe\Czyszczenie">
      <UniqueIdentifier>{9879c8f6-2d61-4093-b032-c984a8b4fe5b}</UniqueIdentifier>
    </Filter>
    <Filter Include="Testy\KlasyTestowe\Inicjalizowanie">
      <UniqueIdentifier>{6d536f1e-ee1d-47c4-ac57-d3e813d83b91}</UniqueIdentifier>
    </Filter>
    <Filter Include="SourceFile\KlasyPomocnicze\Tranzakcyjnosc">
      <UniqueIdentifier>{6156b04e-fb15-434b-be8e-f5569dbf75b6}</UniqueIdentifier>
    </Filter>
    <Filter Include="Biblioteki">
      <UniqueIdentifier>{e46ac25c-7352-419b-ab07-6128bee61ffe}</UniqueIdentifier>
    </Filter>
    <Filter Include="Biblioteki\sha-3">
      <UniqueIdentifier>{bd1fb878-dd1e-4c99-a8e1-5e17071e54e6}</UniqueIdentifier>
    </Filter>
    <Filter Include="SourceFile\GUI">
      <UniqueIdentifier>{12ef1bc6-48d0-45bd-8c71-62ce5a122f43}</UniqueIdentifier>
    </Filter>
    <Filter Include="SourceFile\GUI\SFML">
      <UniqueIdentifier>{324a89d9-2441-499e-b64c-0a624cf66aa7}</UniqueIdentifier>
    </Filter>
    <Filter Include="SourceFile\MultiThreading">
      <UniqueIdentifier>{0252530e-8ce4-466b-a514-a499ca0b7d71}</UniqueIdentifier>
    </Filter>
    <Filter Include="SourceFile\GUI\Ekrany">
      <UniqueIdentifier>{e3a1b275-8b57-4241-acc8-6836bfd82aad}</UniqueIdentifier>
    </Filter>
    <Filter Include="Resource">
      <UniqueIdentifier>{f809a59c-3db4-40e4-baa6-d18e46644843}</UniqueIdentifier>
    </Filter>
    <Filter Include="Resource\Obrazy">
      <UniqueIdentifier>{9401ca38-cace-401b-bc6e-706907663f31}</UniqueIdentifier>
    </Filter>
    <Filter Include="Resource\Shadery">
      <UniqueIdentifier>{9811956a-1247-4e2f-bcdc-2919c32d7c2e}</UniqueIdentifier>
    </Filter>
    <Filter Include="Resource\Wersja">
      <UniqueIdentifier>{5b4859f7-adc4-401e-bb35-b2cfae124e15}</UniqueIdentifier>
    </Filter>
    <Filter Include="Resource\Dokumentacja">
      <UniqueIdentifier>{1e530654-1ce7-423a-8674-facc800920cd}</UniqueIdentifier>
    </Filter>
    <Filter Include="Resource\Czcionki">
      <UniqueIdentifier>{8b775081-01d3-4c5b-b25e-75e2dc65e7e7}</UniqueIdentifier>
    </Filter>
    <Filter Include="SourceFile\GUI\Ekrany\Szablon">
      <UniqueIdentifier>{06269db9-7054-49db-b53b-c4aa4b9d8c45}</UniqueIdentifier>
    </Filter>
    <Filter Include="Data\Schematy">
      <UniqueIdentifier>{e1f93305-1c4f-4759-acc0-5d61d8d8b66a}</UniqueIdentifier>
    </Filter>
    <Filter Include="Data\Skrypty">
      <UniqueIdentifier>{1289de74-2981-47bb-88f6-1d7c962c505d}</UniqueIdentifier>
    </Filter>
    <Filter Include="SourceFile\MaszynaStanow">
      <UniqueIdentifier>{059b6ea8-f800-43b6-b443-9331f7b06e22}</UniqueIdentifier>
    </Filter>
    <Filter Include="SourceFile\GUI\Ekrany\Instancje">
      <UniqueIdentifier>{795eed1f-324f-4471-b8db-0bf85c28d80c}</UniqueIdentifier>
    </Filter>
    <Filter Include="SourceFile\KlasyGlowne\Szkielet">
      <UniqueIdentifier>{d5caacdb-fb36-45ec-9357-2ef8cf749f5f}</UniqueIdentifier>
    </Filter>
    <Filter Include="SourceFile\Model">
      <UniqueIdentifier>{348e4036-e1a8-4a14-8758-978d5817d486}</UniqueIdentifier>
    </Filter>
    <Filter Include="SourceFile\Model\BaseClass">
      <UniqueIdentifier>{9d8a7d3a-124f-4dbd-a3d1-adcf7d6c7eaf}</UniqueIdentifier>
    </Filter>
    <Filter Include="SourceFile\Model\Lokacje">
      <UniqueIdentifier>{d953153c-1cf5-4af3-8a6a-c76e85db08ea}</UniqueIdentifier>
    </Filter>
    <Filter Include="SourceFile\Model\Wymagania">
      <UniqueIdentifier>{b4bdf8e7-69d8-42b7-828c-db385f251073}</UniqueIdentifier>
    </Filter>
    <Filter Include="SourceFile\Model\Obiekty">
      <UniqueIdentifier>{2f467fd5-0d24-473c-9bdc-dd33f37371ee}</UniqueIdentifier>
    </Filter>
    <Filter Include="SourceFile\Model\Obiekty\Surowce">
      <UniqueIdentifier>{a390535b-424a-4e6b-8d1d-465b594806c8}</UniqueIdentifier>
    </Filter>
    <Filter Include="SourceFile\Model\Obiekty\Obrona">
      <UniqueIdentifier>{28f11c3d-95ec-422e-b8d3-c63278d629e6}</UniqueIdentifier>
    </Filter>
    <Filter Include="SourceFile\Model\Obiekty\Technologia">
      <UniqueIdentifier>{bc5c5a03-cd07-44c7-aded-44408c5cf55e}</UniqueIdentifier>
    </Filter>
    <Filter Include="SourceFile\Model\Obiekty\Budynek">
      <UniqueIdentifier>{7e323fa0-ec8d-4092-a64b-064d0ff758f7}</UniqueIdentifier>
    </Filter>
    <Filter Include="SourceFile\Model\Obiekty\Flota">
      <UniqueIdentifier>{dc1fd519-fc16-4507-a10e-d21d3c64dfce}</UniqueIdentifier>
    </Filter>
    <Filter Include="SourceFile\Model\Obiekty\Flota\Ladownia">
      <UniqueIdentifier>{03762c6f-908a-4990-9bf9-977b817b8629}</UniqueIdentifier>
    </Filter>
    <Filter Include="SourceFile\Model\Obiekty\Flota\Statek">
      <UniqueIdentifier>{a3232f94-989e-43da-bcd0-d47ac77070f5}</UniqueIdentifier>
    </Filter>
    <Filter Include="SourceFile\Model\Obiekty\Flota\JednostkaAtakujaca">
      <UniqueIdentifier>{c1c838c6-395b-42ed-b146-e35d2ba27d6e}</UniqueIdentifier>
    </Filter>
    <Filter Include="SourceFile\Model\Obiekty\Flota\JednostkaLatajaca">
      <UniqueIdentifier>{1860f67a-1995-4e2e-b859-85c5d68d2b65}</UniqueIdentifier>
    </Filter>
    <Filter Include="SourceFile\Model\Obiekty\Flota\Hangar">
      <UniqueIdentifier>{46df6a8b-cd48-418b-a20d-fba74a6ed859}</UniqueIdentifier>
    </Filter>
  </ItemGroup>
  <ItemGroup>
    <None Include="TODO.txt">
      <Filter>Doc</Filter>
    </None>
    <None Include="conventions.txt">
      <Filter>Doc</Filter>
    </None>
    <None Include="gpl-3.0.rtf">
      <Filter>Doc</Filter>
    </None>
    <None Include="out\resource\simple.frag">
      <Filter>Resource\Shadery</Filter>
    </None>
    <None Include="svn_version.h.tmpl">
      <Filter>Resource\Wersja</Filter>
    </None>
    <None Include="out\resource\menu.wdg">
      <Filter>Data</Filter>
    </None>
    <None Include="out\resource\pusteOkno.wdg">
      <Filter>Data</Filter>
    </None>
    <None Include="out\lua\interfejs.lua">
      <Filter>Data\Skrypty</Filter>
    </None>
    <None Include="out\lua\test.lua">
      <Filter>Data\Skrypty</Filter>
    </None>
    <None Include="out\resource\testowanie.wdg">
      <Filter>Data</Filter>
    </None>
  </ItemGroup>
  <ItemGroup>
    <Xml Include="out\data.xml">
      <Filter>Data</Filter>
    </Xml>
    <Xml Include="out\message.xml">
      <Filter>Data</Filter>
    </Xml>
    <Xml Include="out\options.xml">
      <Filter>Data</Filter>
    </Xml>
    <Xml Include="out\test.xml">
      <Filter>Data</Filter>
    </Xml>
    <Xml Include="out\options_test.xml">
      <Filter>Data</Filter>
    </Xml>
    <Xml Include="out\resource\Menu.xml">
      <Filter>Data</Filter>
    </Xml>
    <Xml Include="out\resource\state.xml">
      <Filter>Data</Filter>
    </Xml>
  </ItemGroup>
  <ItemGroup>
    <Text Include="gpl-3.0.txt">
      <Filter>Doc</Filter>
    </Text>
  </ItemGroup>
  <ItemGroup>
    <Xsd Include="dataSchema.xsd">
      <Filter>Data</Filter>
    </Xsd>
    <Xsd Include="saveSchema.xsd">
      <Filter>Data</Filter>
    </Xsd>
    <Xsd Include="ukladSchema.xsd">
      <Filter>Data</Filter>
    </Xsd>
    <Xsd Include="userSchema.xsd">
      <Filter>Data</Filter>
    </Xsd>
  </ItemGroup>
  <ItemGroup>
    <Image Include="out\resource\background.jpg">
      <Filter>Resource\Obrazy</Filter>
    </Image>
    <Image Include="out\resource\Space_start_screen.png">
      <Filter>Resource\Obrazy</Filter>
    </Image>
    <Image Include="out\resource\SpaceExplorers_logo_640x348.bmp">
      <Filter>Resource\Obrazy</Filter>
    </Image>
    <Image Include="out\resource\space.jpg">
      <Filter>Resource\Obrazy</Filter>
    </Image>
    <Image Include="out\resource\SpaceExplorers_logo_640x348.png">
      <Filter>Resource\Obrazy</Filter>
    </Image>
  </ItemGroup>
  <ItemGroup>
    <ResourceCompile Include="SpaceGame.rc">
      <Filter>Resource\Wersja</Filter>
    </ResourceCompile>
  </ItemGroup>
  <ItemGroup>
    <Font Include="out\resource\arial.ttf">
      <Filter>Resource\Czcionki</Filter>
    </Font>
    <Font Include="out\resource\TransformersMovie.ttf">
      <Filter>Resource\Czcionki</Filter>
    </Font>
  </ItemGroup>
</Project>