
Microsoft Visual Studio Solution File, Format Version 12.00
# Visual Studio 2013
VisualStudioVersion = 12.0.21005.1
MinimumVisualStudioVersion = 10.0.40219.1
Project("{8BC9CEB8-8B4A-11D0-8D11-00A0C91BC942}") = "SpaceGame", "SpaceGame.vcxproj", "{A8B6EFB3-277C-42D6-A05E-78516E547F38}"
	ProjectSection(ProjectDependencies) = postProject
		{392C0116-BA28-41BE-9439-E0248522C0E7} = {392C0116-BA28-41BE-9439-E0248522C0E7}
		{DA49481F-E328-4C1F-927C-44F818D30472} = {DA49481F-E328-4C1F-927C-44F818D30472}
		{ECE7A458-22F2-406C-991E-36D0E579E457} = {ECE7A458-22F2-406C-991E-36D0E579E457}
		{6ADB1B59-6144-467C-ACF0-F5020BE17E77} = {6ADB1B59-6144-467C-ACF0-F5020BE17E77}
		{CB8ECB60-8C6B-4804-BBBF-DACAAED773AC} = {CB8ECB60-8C6B-4804-BBBF-DACAAED773AC}
		{51552B6A-E22C-40CF-94AA-D8646C9354BE} = {51552B6A-E22C-40CF-94AA-D8646C9354BE}
		{4954D18E-70A6-41B4-A6FB-88B1D9F96305} = {4954D18E-70A6-41B4-A6FB-88B1D9F96305}
		{D1C528B6-AA02-4D29-9D61-DC08E317A70D} = {D1C528B6-AA02-4D29-9D61-DC08E317A70D}
		{A247CFE6-877A-47B4-AB8B-8DFE7BEC1B9E} = {A247CFE6-877A-47B4-AB8B-8DFE7BEC1B9E}
		{25B2D5F7-CF0B-48FF-A20C-66AA0155EC2F} = {25B2D5F7-CF0B-48FF-A20C-66AA0155EC2F}
	EndProjectSection
EndProject
Project("{8BC9CEB8-8B4A-11D0-8D11-00A0C91BC942}") = "plugin", "plugin\plugin.vcxproj", "{A247CFE6-877A-47B4-AB8B-8DFE7BEC1B9E}"
	ProjectSection(ProjectDependencies) = postProject
		{DA49481F-E328-4C1F-927C-44F818D30472} = {DA49481F-E328-4C1F-927C-44F818D30472}
		{4954D18E-70A6-41B4-A6FB-88B1D9F96305} = {4954D18E-70A6-41B4-A6FB-88B1D9F96305}
		{D1C528B6-AA02-4D29-9D61-DC08E317A70D} = {D1C528B6-AA02-4D29-9D61-DC08E317A70D}
		{25B2D5F7-CF0B-48FF-A20C-66AA0155EC2F} = {25B2D5F7-CF0B-48FF-A20C-66AA0155EC2F}
	EndProjectSection
EndProject
Project("{8BC9CEB8-8B4A-11D0-8D11-00A0C91BC942}") = "FuncTransf", "FuncTransf\FuncTransf.vcxproj", "{25B2D5F7-CF0B-48FF-A20C-66AA0155EC2F}"
	ProjectSection(ProjectDependencies) = postProject
		{DA49481F-E328-4C1F-927C-44F818D30472} = {DA49481F-E328-4C1F-927C-44F818D30472}
		{4954D18E-70A6-41B4-A6FB-88B1D9F96305} = {4954D18E-70A6-41B4-A6FB-88B1D9F96305}
		{D1C528B6-AA02-4D29-9D61-DC08E317A70D} = {D1C528B6-AA02-4D29-9D61-DC08E317A70D}
	EndProjectSection
EndProject
Project("{8BC9CEB8-8B4A-11D0-8D11-00A0C91BC942}") = "Logger", "Logger\Logger.vcxproj", "{DA49481F-E328-4C1F-927C-44F818D30472}"
	ProjectSection(ProjectDependencies) = postProject
		{4954D18E-70A6-41B4-A6FB-88B1D9F96305} = {4954D18E-70A6-41B4-A6FB-88B1D9F96305}
	EndProjectSection
EndProject
Project("{8BC9CEB8-8B4A-11D0-8D11-00A0C91BC942}") = "TestFunkcjiZmiany", "TestFunkcjiZmiany\TestFunkcjiZmiany.vcxproj", "{51552B6A-E22C-40CF-94AA-D8646C9354BE}"
	ProjectSection(ProjectDependencies) = postProject
		{DA49481F-E328-4C1F-927C-44F818D30472} = {DA49481F-E328-4C1F-927C-44F818D30472}
		{4954D18E-70A6-41B4-A6FB-88B1D9F96305} = {4954D18E-70A6-41B4-A6FB-88B1D9F96305}
		{D1C528B6-AA02-4D29-9D61-DC08E317A70D} = {D1C528B6-AA02-4D29-9D61-DC08E317A70D}
		{A247CFE6-877A-47B4-AB8B-8DFE7BEC1B9E} = {A247CFE6-877A-47B4-AB8B-8DFE7BEC1B9E}
		{25B2D5F7-CF0B-48FF-A20C-66AA0155EC2F} = {25B2D5F7-CF0B-48FF-A20C-66AA0155EC2F}
	EndProjectSection
EndProject
Project("{8BC9CEB8-8B4A-11D0-8D11-00A0C91BC942}") = "makeversion", "makeversion\makeversion.vcxproj", "{4954D18E-70A6-41B4-A6FB-88B1D9F96305}"
EndProject
Project("{930C7802-8A8C-48F9-8165-68863BCCD9DD}") = "Instalator", "Instalator\Instalator.wixproj", "{D58D2BC1-AC37-437A-BD7C-B0A97D4E4B69}"
	ProjectSection(ProjectDependencies) = postProject
		{DA49481F-E328-4C1F-927C-44F818D30472} = {DA49481F-E328-4C1F-927C-44F818D30472}
		{51552B6A-E22C-40CF-94AA-D8646C9354BE} = {51552B6A-E22C-40CF-94AA-D8646C9354BE}
		{4954D18E-70A6-41B4-A6FB-88B1D9F96305} = {4954D18E-70A6-41B4-A6FB-88B1D9F96305}
		{A8B6EFB3-277C-42D6-A05E-78516E547F38} = {A8B6EFB3-277C-42D6-A05E-78516E547F38}
		{A247CFE6-877A-47B4-AB8B-8DFE7BEC1B9E} = {A247CFE6-877A-47B4-AB8B-8DFE7BEC1B9E}
		{25B2D5F7-CF0B-48FF-A20C-66AA0155EC2F} = {25B2D5F7-CF0B-48FF-A20C-66AA0155EC2F}
	EndProjectSection
EndProject
Project("{8BC9CEB8-8B4A-11D0-8D11-00A0C91BC942}") = "TGUI", "TGUI\TGUI.vcxproj", "{6ADB1B59-6144-467C-ACF0-F5020BE17E77}"
	ProjectSection(ProjectDependencies) = postProject
		{392C0116-BA28-41BE-9439-E0248522C0E7} = {392C0116-BA28-41BE-9439-E0248522C0E7}
		{ECE7A458-22F2-406C-991E-36D0E579E457} = {ECE7A458-22F2-406C-991E-36D0E579E457}
		{CB8ECB60-8C6B-4804-BBBF-DACAAED773AC} = {CB8ECB60-8C6B-4804-BBBF-DACAAED773AC}
	EndProjectSection
EndProject
Project("{8BC9CEB8-8B4A-11D0-8D11-00A0C91BC942}") = "FormBuilder", "FormBuilder\FormBuilder.vcxproj", "{7704536C-48E3-4524-92F4-5BD1DB721694}"
	ProjectSection(ProjectDependencies) = postProject
		{392C0116-BA28-41BE-9439-E0248522C0E7} = {392C0116-BA28-41BE-9439-E0248522C0E7}
		{ECE7A458-22F2-406C-991E-36D0E579E457} = {ECE7A458-22F2-406C-991E-36D0E579E457}
		{6ADB1B59-6144-467C-ACF0-F5020BE17E77} = {6ADB1B59-6144-467C-ACF0-F5020BE17E77}
		{CB8ECB60-8C6B-4804-BBBF-DACAAED773AC} = {CB8ECB60-8C6B-4804-BBBF-DACAAED773AC}
	EndProjectSection
EndProject
Project("{2150E333-8FDC-42A3-9474-1A3956D46DE8}") = "SFML", "SFML", "{EECA53DC-7550-4A30-A6A8-C0194C21F91A}"
EndProject
Project("{8BC9CEB8-8B4A-11D0-8D11-00A0C91BC942}") = "SFML_Audio", "SFML\src\SFML\SFML_Audio.vcxproj", "{CE1C0AC7-D05B-433C-A5EE-143E15037AF2}"
	ProjectSection(ProjectDependencies) = postProject
		{CB8ECB60-8C6B-4804-BBBF-DACAAED773AC} = {CB8ECB60-8C6B-4804-BBBF-DACAAED773AC}
	EndProjectSection
EndProject
Project("{8BC9CEB8-8B4A-11D0-8D11-00A0C91BC942}") = "SFML_Graphics", "SFML\src\SFML\SFML_Graphics.vcxproj", "{392C0116-BA28-41BE-9439-E0248522C0E7}"
	ProjectSection(ProjectDependencies) = postProject
		{ECE7A458-22F2-406C-991E-36D0E579E457} = {ECE7A458-22F2-406C-991E-36D0E579E457}
		{CB8ECB60-8C6B-4804-BBBF-DACAAED773AC} = {CB8ECB60-8C6B-4804-BBBF-DACAAED773AC}
	EndProjectSection
EndProject
Project("{8BC9CEB8-8B4A-11D0-8D11-00A0C91BC942}") = "SFML_Network", "SFML\src\SFML\SFML_Network.vcxproj", "{48D28224-DB5D-41AC-B9AE-080F230083F2}"
	ProjectSection(ProjectDependencies) = postProject
		{CB8ECB60-8C6B-4804-BBBF-DACAAED773AC} = {CB8ECB60-8C6B-4804-BBBF-DACAAED773AC}
	EndProjectSection
EndProject
Project("{8BC9CEB8-8B4A-11D0-8D11-00A0C91BC942}") = "SFML_System", "SFML\src\SFML\SFML_System.vcxproj", "{CB8ECB60-8C6B-4804-BBBF-DACAAED773AC}"
EndProject
Project("{8BC9CEB8-8B4A-11D0-8D11-00A0C91BC942}") = "SFML_Window", "SFML\src\SFML\SFML_Window.vcxproj", "{ECE7A458-22F2-406C-991E-36D0E579E457}"
	ProjectSection(ProjectDependencies) = postProject
		{48D28224-DB5D-41AC-B9AE-080F230083F2} = {48D28224-DB5D-41AC-B9AE-080F230083F2}
	EndProjectSection
EndProject
Project("{2150E333-8FDC-42A3-9474-1A3956D46DE8}") = "Libs", "Libs", "{490B1D53-AD4D-4B75-814F-6E340F26D7BF}"
EndProject
Project("{2150E333-8FDC-42A3-9474-1A3956D46DE8}") = "TGUI", "TGUI", "{4B1E75CE-EDB7-4B7C-ACD3-8D0264DC19A1}"
EndProject
Project("{2150E333-8FDC-42A3-9474-1A3956D46DE8}") = "TinyXml", "TinyXml", "{33F2F2C9-62F2-40A0-AEA9-39373999798D}"
EndProject
Project("{2150E333-8FDC-42A3-9474-1A3956D46DE8}") = "MyLibs", "MyLibs", "{BD843C91-A252-49A7-8F49-D2BCE4D45099}"
EndProject
Project("{2150E333-8FDC-42A3-9474-1A3956D46DE8}") = "MainProject", "MainProject", "{8564DB06-7F9E-4042-B32F-2B72606FBB18}"
EndProject
Project("{8BC9CEB8-8B4A-11D0-8D11-00A0C91BC942}") = "tinyxml2", "tinyxml2-master\tinyxml2\tinyxml2.vcxproj", "{D1C528B6-AA02-4D29-9D61-DC08E317A70D}"
EndProject
Global
	GlobalSection(SolutionConfigurationPlatforms) = preSolution
		Debug-DLL|x64 = Debug-DLL|x64
		Debug-DLL|x86 = Debug-DLL|x86
		Debug-Static|x64 = Debug-Static|x64
		Debug-Static|x86 = Debug-Static|x86
		Release-DLL|x64 = Release-DLL|x64
		Release-DLL|x86 = Release-DLL|x86
		Release-Static|x64 = Release-Static|x64
		Release-Static|x86 = Release-Static|x86
	EndGlobalSection
	GlobalSection(ProjectConfigurationPlatforms) = postSolution
		{A8B6EFB3-277C-42D6-A05E-78516E547F38}.Debug-DLL|x64.ActiveCfg = Debug-DLL|x64
		{A8B6EFB3-277C-42D6-A05E-78516E547F38}.Debug-DLL|x64.Build.0 = Debug-DLL|x64
		{A8B6EFB3-277C-42D6-A05E-78516E547F38}.Debug-DLL|x86.ActiveCfg = Debug-DLL|Win32
		{A8B6EFB3-277C-42D6-A05E-78516E547F38}.Debug-DLL|x86.Build.0 = Debug-DLL|Win32
		{A8B6EFB3-277C-42D6-A05E-78516E547F38}.Debug-Static|x64.ActiveCfg = Debug|x64
		{A8B6EFB3-277C-42D6-A05E-78516E547F38}.Debug-Static|x64.Build.0 = Debug|x64
		{A8B6EFB3-277C-42D6-A05E-78516E547F38}.Debug-Static|x86.ActiveCfg = Debug|Win32
		{A8B6EFB3-277C-42D6-A05E-78516E547F38}.Debug-Static|x86.Build.0 = Debug|Win32
		{A8B6EFB3-277C-42D6-A05E-78516E547F38}.Debug-Static|x86.Deploy.0 = Debug|Win32
		{A8B6EFB3-277C-42D6-A05E-78516E547F38}.Release-DLL|x64.ActiveCfg = Release-DLL|x64
		{A8B6EFB3-277C-42D6-A05E-78516E547F38}.Release-DLL|x64.Build.0 = Release-DLL|x64
		{A8B6EFB3-277C-42D6-A05E-78516E547F38}.Release-DLL|x86.ActiveCfg = Release-DLL|Win32
		{A8B6EFB3-277C-42D6-A05E-78516E547F38}.Release-DLL|x86.Build.0 = Release-DLL|Win32
		{A8B6EFB3-277C-42D6-A05E-78516E547F38}.Release-Static|x64.ActiveCfg = Release|x64
		{A8B6EFB3-277C-42D6-A05E-78516E547F38}.Release-Static|x64.Build.0 = Release|x64
		{A8B6EFB3-277C-42D6-A05E-78516E547F38}.Release-Static|x86.ActiveCfg = Release|Win32
		{A8B6EFB3-277C-42D6-A05E-78516E547F38}.Release-Static|x86.Build.0 = Release|Win32
		{A247CFE6-877A-47B4-AB8B-8DFE7BEC1B9E}.Debug-DLL|x64.ActiveCfg = Debug-DLL|x64
		{A247CFE6-877A-47B4-AB8B-8DFE7BEC1B9E}.Debug-DLL|x64.Build.0 = Debug-DLL|x64
		{A247CFE6-877A-47B4-AB8B-8DFE7BEC1B9E}.Debug-DLL|x86.ActiveCfg = Debug-DLL|Win32
		{A247CFE6-877A-47B4-AB8B-8DFE7BEC1B9E}.Debug-DLL|x86.Build.0 = Debug-DLL|Win32
		{A247CFE6-877A-47B4-AB8B-8DFE7BEC1B9E}.Debug-Static|x64.ActiveCfg = Debug|x64
		{A247CFE6-877A-47B4-AB8B-8DFE7BEC1B9E}.Debug-Static|x64.Build.0 = Debug|x64
		{A247CFE6-877A-47B4-AB8B-8DFE7BEC1B9E}.Debug-Static|x86.ActiveCfg = Debug|Win32
		{A247CFE6-877A-47B4-AB8B-8DFE7BEC1B9E}.Debug-Static|x86.Build.0 = Debug|Win32
		{A247CFE6-877A-47B4-AB8B-8DFE7BEC1B9E}.Release-DLL|x64.ActiveCfg = Release-DLL|x64
		{A247CFE6-877A-47B4-AB8B-8DFE7BEC1B9E}.Release-DLL|x64.Build.0 = Release-DLL|x64
		{A247CFE6-877A-47B4-AB8B-8DFE7BEC1B9E}.Release-DLL|x86.ActiveCfg = Release-DLL|Win32
		{A247CFE6-877A-47B4-AB8B-8DFE7BEC1B9E}.Release-DLL|x86.Build.0 = Release-DLL|Win32
		{A247CFE6-877A-47B4-AB8B-8DFE7BEC1B9E}.Release-Static|x64.ActiveCfg = Release|x64
		{A247CFE6-877A-47B4-AB8B-8DFE7BEC1B9E}.Release-Static|x64.Build.0 = Release|x64
		{A247CFE6-877A-47B4-AB8B-8DFE7BEC1B9E}.Release-Static|x86.ActiveCfg = Release|Win32
		{A247CFE6-877A-47B4-AB8B-8DFE7BEC1B9E}.Release-Static|x86.Build.0 = Release|Win32
		{25B2D5F7-CF0B-48FF-A20C-66AA0155EC2F}.Debug-DLL|x64.ActiveCfg = Debug-DLL|x64
		{25B2D5F7-CF0B-48FF-A20C-66AA0155EC2F}.Debug-DLL|x64.Build.0 = Debug-DLL|x64
		{25B2D5F7-CF0B-48FF-A20C-66AA0155EC2F}.Debug-DLL|x86.ActiveCfg = Debug-DLL|Win32
		{25B2D5F7-CF0B-48FF-A20C-66AA0155EC2F}.Debug-DLL|x86.Build.0 = Debug-DLL|Win32
		{25B2D5F7-CF0B-48FF-A20C-66AA0155EC2F}.Debug-Static|x64.ActiveCfg = Debug|x64
		{25B2D5F7-CF0B-48FF-A20C-66AA0155EC2F}.Debug-Static|x64.Build.0 = Debug|x64
		{25B2D5F7-CF0B-48FF-A20C-66AA0155EC2F}.Debug-Static|x86.ActiveCfg = Debug|Win32
		{25B2D5F7-CF0B-48FF-A20C-66AA0155EC2F}.Debug-Static|x86.Build.0 = Debug|Win32
		{25B2D5F7-CF0B-48FF-A20C-66AA0155EC2F}.Release-DLL|x64.ActiveCfg = Release-DLL|x64
		{25B2D5F7-CF0B-48FF-A20C-66AA0155EC2F}.Release-DLL|x64.Build.0 = Release-DLL|x64
		{25B2D5F7-CF0B-48FF-A20C-66AA0155EC2F}.Release-DLL|x86.ActiveCfg = Release-DLL|Win32
		{25B2D5F7-CF0B-48FF-A20C-66AA0155EC2F}.Release-DLL|x86.Build.0 = Release-DLL|Win32
		{25B2D5F7-CF0B-48FF-A20C-66AA0155EC2F}.Release-Static|x64.ActiveCfg = Release|x64
		{25B2D5F7-CF0B-48FF-A20C-66AA0155EC2F}.Release-Static|x64.Build.0 = Release|x64
		{25B2D5F7-CF0B-48FF-A20C-66AA0155EC2F}.Release-Static|x86.ActiveCfg = Release|Win32
		{25B2D5F7-CF0B-48FF-A20C-66AA0155EC2F}.Release-Static|x86.Build.0 = Release|Win32
		{DA49481F-E328-4C1F-927C-44F818D30472}.Debug-DLL|x64.ActiveCfg = Debug-DLL|x64
		{DA49481F-E328-4C1F-927C-44F818D30472}.Debug-DLL|x64.Build.0 = Debug-DLL|x64
		{DA49481F-E328-4C1F-927C-44F818D30472}.Debug-DLL|x86.ActiveCfg = Debug-DLL|Win32
		{DA49481F-E328-4C1F-927C-44F818D30472}.Debug-DLL|x86.Build.0 = Debug-DLL|Win32
		{DA49481F-E328-4C1F-927C-44F818D30472}.Debug-Static|x64.ActiveCfg = Debug|x64
		{DA49481F-E328-4C1F-927C-44F818D30472}.Debug-Static|x64.Build.0 = Debug|x64
		{DA49481F-E328-4C1F-927C-44F818D30472}.Debug-Static|x86.ActiveCfg = Debug|Win32
		{DA49481F-E328-4C1F-927C-44F818D30472}.Debug-Static|x86.Build.0 = Debug|Win32
		{DA49481F-E328-4C1F-927C-44F818D30472}.Release-DLL|x64.ActiveCfg = Release-DLL|x64
		{DA49481F-E328-4C1F-927C-44F818D30472}.Release-DLL|x64.Build.0 = Release-DLL|x64
		{DA49481F-E328-4C1F-927C-44F818D30472}.Release-DLL|x86.ActiveCfg = Release-DLL|Win32
		{DA49481F-E328-4C1F-927C-44F818D30472}.Release-DLL|x86.Build.0 = Release-DLL|Win32
		{DA49481F-E328-4C1F-927C-44F818D30472}.Release-Static|x64.ActiveCfg = Release|x64
		{DA49481F-E328-4C1F-927C-44F818D30472}.Release-Static|x64.Build.0 = Release|x64
		{DA49481F-E328-4C1F-927C-44F818D30472}.Release-Static|x86.ActiveCfg = Release|Win32
		{DA49481F-E328-4C1F-927C-44F818D30472}.Release-Static|x86.Build.0 = Release|Win32
		{51552B6A-E22C-40CF-94AA-D8646C9354BE}.Debug-DLL|x64.ActiveCfg = Debug-DLL|x64
		{51552B6A-E22C-40CF-94AA-D8646C9354BE}.Debug-DLL|x64.Build.0 = Debug-DLL|x64
		{51552B6A-E22C-40CF-94AA-D8646C9354BE}.Debug-DLL|x86.ActiveCfg = Debug-DLL|Win32
		{51552B6A-E22C-40CF-94AA-D8646C9354BE}.Debug-DLL|x86.Build.0 = Debug-DLL|Win32
		{51552B6A-E22C-40CF-94AA-D8646C9354BE}.Debug-Static|x64.ActiveCfg = Debug|x64
		{51552B6A-E22C-40CF-94AA-D8646C9354BE}.Debug-Static|x64.Build.0 = Debug|x64
		{51552B6A-E22C-40CF-94AA-D8646C9354BE}.Debug-Static|x86.ActiveCfg = Debug|Win32
		{51552B6A-E22C-40CF-94AA-D8646C9354BE}.Debug-Static|x86.Build.0 = Debug|Win32
		{51552B6A-E22C-40CF-94AA-D8646C9354BE}.Release-DLL|x64.ActiveCfg = Release-DLL|x64
		{51552B6A-E22C-40CF-94AA-D8646C9354BE}.Release-DLL|x64.Build.0 = Release-DLL|x64
		{51552B6A-E22C-40CF-94AA-D8646C9354BE}.Release-DLL|x86.ActiveCfg = Release-DLL|Win32
		{51552B6A-E22C-40CF-94AA-D8646C9354BE}.Release-DLL|x86.Build.0 = Release-DLL|Win32
		{51552B6A-E22C-40CF-94AA-D8646C9354BE}.Release-Static|x64.ActiveCfg = Release|x64
		{51552B6A-E22C-40CF-94AA-D8646C9354BE}.Release-Static|x64.Build.0 = Release|x64
		{51552B6A-E22C-40CF-94AA-D8646C9354BE}.Release-Static|x86.ActiveCfg = Release|Win32
		{51552B6A-E22C-40CF-94AA-D8646C9354BE}.Release-Static|x86.Build.0 = Release|Win32
		{51552B6A-E22C-40CF-94AA-D8646C9354BE}.Release-Static|x86.Deploy.0 = Release|Win32
		{4954D18E-70A6-41B4-A6FB-88B1D9F96305}.Debug-DLL|x64.ActiveCfg = Debug|x64
		{4954D18E-70A6-41B4-A6FB-88B1D9F96305}.Debug-DLL|x64.Build.0 = Debug|x64
		{4954D18E-70A6-41B4-A6FB-88B1D9F96305}.Debug-DLL|x86.ActiveCfg = Debug|Win32
		{4954D18E-70A6-41B4-A6FB-88B1D9F96305}.Debug-DLL|x86.Build.0 = Debug|Win32
		{4954D18E-70A6-41B4-A6FB-88B1D9F96305}.Debug-Static|x64.ActiveCfg = Debug|x64
		{4954D18E-70A6-41B4-A6FB-88B1D9F96305}.Debug-Static|x64.Build.0 = Debug|x64
		{4954D18E-70A6-41B4-A6FB-88B1D9F96305}.Debug-Static|x86.ActiveCfg = Debug|Win32
		{4954D18E-70A6-41B4-A6FB-88B1D9F96305}.Debug-Static|x86.Build.0 = Debug|Win32
		{4954D18E-70A6-41B4-A6FB-88B1D9F96305}.Release-DLL|x64.ActiveCfg = Release|x64
		{4954D18E-70A6-41B4-A6FB-88B1D9F96305}.Release-DLL|x64.Build.0 = Release|x64
		{4954D18E-70A6-41B4-A6FB-88B1D9F96305}.Release-DLL|x86.ActiveCfg = Release|Win32
		{4954D18E-70A6-41B4-A6FB-88B1D9F96305}.Release-DLL|x86.Build.0 = Release|Win32
		{4954D18E-70A6-41B4-A6FB-88B1D9F96305}.Release-Static|x64.ActiveCfg = Release|x64
		{4954D18E-70A6-41B4-A6FB-88B1D9F96305}.Release-Static|x64.Build.0 = Release|x64
		{4954D18E-70A6-41B4-A6FB-88B1D9F96305}.Release-Static|x86.ActiveCfg = Release|Win32
		{4954D18E-70A6-41B4-A6FB-88B1D9F96305}.Release-Static|x86.Build.0 = Release|Win32
		{D58D2BC1-AC37-437A-BD7C-B0A97D4E4B69}.Debug-DLL|x64.ActiveCfg = Debug|x64
		{D58D2BC1-AC37-437A-BD7C-B0A97D4E4B69}.Debug-DLL|x86.ActiveCfg = Debug|x86
		{D58D2BC1-AC37-437A-BD7C-B0A97D4E4B69}.Debug-Static|x64.ActiveCfg = Debug|x64
		{D58D2BC1-AC37-437A-BD7C-B0A97D4E4B69}.Debug-Static|x86.ActiveCfg = Debug|x86
		{D58D2BC1-AC37-437A-BD7C-B0A97D4E4B69}.Release-DLL|x64.ActiveCfg = Release|x64
		{D58D2BC1-AC37-437A-BD7C-B0A97D4E4B69}.Release-DLL|x64.Build.0 = Release|x64
		{D58D2BC1-AC37-437A-BD7C-B0A97D4E4B69}.Release-DLL|x86.ActiveCfg = Release|x86
		{D58D2BC1-AC37-437A-BD7C-B0A97D4E4B69}.Release-DLL|x86.Build.0 = Release|x86
		{D58D2BC1-AC37-437A-BD7C-B0A97D4E4B69}.Release-Static|x64.ActiveCfg = Release|x64
		{D58D2BC1-AC37-437A-BD7C-B0A97D4E4B69}.Release-Static|x64.Build.0 = Release|x64
		{D58D2BC1-AC37-437A-BD7C-B0A97D4E4B69}.Release-Static|x86.ActiveCfg = Release|x86
		{D58D2BC1-AC37-437A-BD7C-B0A97D4E4B69}.Release-Static|x86.Build.0 = Release|x86
		{6ADB1B59-6144-467C-ACF0-F5020BE17E77}.Debug-DLL|x64.ActiveCfg = Debug-DLL|x64
		{6ADB1B59-6144-467C-ACF0-F5020BE17E77}.Debug-DLL|x64.Build.0 = Debug-DLL|x64
		{6ADB1B59-6144-467C-ACF0-F5020BE17E77}.Debug-DLL|x86.ActiveCfg = Debug-DLL|Win32
		{6ADB1B59-6144-467C-ACF0-F5020BE17E77}.Debug-DLL|x86.Build.0 = Debug-DLL|Win32
		{6ADB1B59-6144-467C-ACF0-F5020BE17E77}.Debug-Static|x64.ActiveCfg = Debug|x64
		{6ADB1B59-6144-467C-ACF0-F5020BE17E77}.Debug-Static|x64.Build.0 = Debug|x64
		{6ADB1B59-6144-467C-ACF0-F5020BE17E77}.Debug-Static|x86.ActiveCfg = Debug|Win32
		{6ADB1B59-6144-467C-ACF0-F5020BE17E77}.Debug-Static|x86.Build.0 = Debug|Win32
		{6ADB1B59-6144-467C-ACF0-F5020BE17E77}.Release-DLL|x64.ActiveCfg = Release-DLL|x64
		{6ADB1B59-6144-467C-ACF0-F5020BE17E77}.Release-DLL|x64.Build.0 = Release-DLL|x64
		{6ADB1B59-6144-467C-ACF0-F5020BE17E77}.Release-DLL|x86.ActiveCfg = Release-DLL|Win32
		{6ADB1B59-6144-467C-ACF0-F5020BE17E77}.Release-DLL|x86.Build.0 = Release-DLL|Win32
		{6ADB1B59-6144-467C-ACF0-F5020BE17E77}.Release-Static|x64.ActiveCfg = Release|x64
		{6ADB1B59-6144-467C-ACF0-F5020BE17E77}.Release-Static|x64.Build.0 = Release|x64
		{6ADB1B59-6144-467C-ACF0-F5020BE17E77}.Release-Static|x86.ActiveCfg = Release|Win32
		{6ADB1B59-6144-467C-ACF0-F5020BE17E77}.Release-Static|x86.Build.0 = Release|Win32
		{7704536C-48E3-4524-92F4-5BD1DB721694}.Debug-DLL|x64.ActiveCfg = Debug|x64
		{7704536C-48E3-4524-92F4-5BD1DB721694}.Debug-DLL|x64.Build.0 = Debug|x64
		{7704536C-48E3-4524-92F4-5BD1DB721694}.Debug-DLL|x86.ActiveCfg = Debug|Win32
		{7704536C-48E3-4524-92F4-5BD1DB721694}.Debug-DLL|x86.Build.0 = Debug|Win32
		{7704536C-48E3-4524-92F4-5BD1DB721694}.Debug-Static|x64.ActiveCfg = Debug|x64
		{7704536C-48E3-4524-92F4-5BD1DB721694}.Debug-Static|x64.Build.0 = Debug|x64
		{7704536C-48E3-4524-92F4-5BD1DB721694}.Debug-Static|x86.ActiveCfg = Debug|Win32
		{7704536C-48E3-4524-92F4-5BD1DB721694}.Debug-Static|x86.Build.0 = Debug|Win32
		{7704536C-48E3-4524-92F4-5BD1DB721694}.Release-DLL|x64.ActiveCfg = Release|x64
		{7704536C-48E3-4524-92F4-5BD1DB721694}.Release-DLL|x64.Build.0 = Release|x64
		{7704536C-48E3-4524-92F4-5BD1DB721694}.Release-DLL|x86.ActiveCfg = Release|Win32
		{7704536C-48E3-4524-92F4-5BD1DB721694}.Release-DLL|x86.Build.0 = Release|Win32
		{7704536C-48E3-4524-92F4-5BD1DB721694}.Release-Static|x64.ActiveCfg = Release|x64
		{7704536C-48E3-4524-92F4-5BD1DB721694}.Release-Static|x64.Build.0 = Release|x64
		{7704536C-48E3-4524-92F4-5BD1DB721694}.Release-Static|x86.ActiveCfg = Release|Win32
		{7704536C-48E3-4524-92F4-5BD1DB721694}.Release-Static|x86.Build.0 = Release|Win32
		{CE1C0AC7-D05B-433C-A5EE-143E15037AF2}.Debug-DLL|x64.ActiveCfg = Debug-DLL|x64
		{CE1C0AC7-D05B-433C-A5EE-143E15037AF2}.Debug-DLL|x64.Build.0 = Debug-DLL|x64
		{CE1C0AC7-D05B-433C-A5EE-143E15037AF2}.Debug-DLL|x86.ActiveCfg = Debug-DLL|Win32
		{CE1C0AC7-D05B-433C-A5EE-143E15037AF2}.Debug-DLL|x86.Build.0 = Debug-DLL|Win32
		{CE1C0AC7-D05B-433C-A5EE-143E15037AF2}.Debug-Static|x64.ActiveCfg = Debug|x64
		{CE1C0AC7-D05B-433C-A5EE-143E15037AF2}.Debug-Static|x64.Build.0 = Debug|x64
		{CE1C0AC7-D05B-433C-A5EE-143E15037AF2}.Debug-Static|x86.ActiveCfg = Debug|Win32
		{CE1C0AC7-D05B-433C-A5EE-143E15037AF2}.Debug-Static|x86.Build.0 = Debug|Win32
		{CE1C0AC7-D05B-433C-A5EE-143E15037AF2}.Release-DLL|x64.ActiveCfg = Release-DLL|x64
		{CE1C0AC7-D05B-433C-A5EE-143E15037AF2}.Release-DLL|x64.Build.0 = Release-DLL|x64
		{CE1C0AC7-D05B-433C-A5EE-143E15037AF2}.Release-DLL|x86.ActiveCfg = Release-DLL|Win32
		{CE1C0AC7-D05B-433C-A5EE-143E15037AF2}.Release-DLL|x86.Build.0 = Release-DLL|Win32
		{CE1C0AC7-D05B-433C-A5EE-143E15037AF2}.Release-Static|x64.ActiveCfg = Release|x64
		{CE1C0AC7-D05B-433C-A5EE-143E15037AF2}.Release-Static|x64.Build.0 = Release|x64
		{CE1C0AC7-D05B-433C-A5EE-143E15037AF2}.Release-Static|x86.ActiveCfg = Release|Win32
		{CE1C0AC7-D05B-433C-A5EE-143E15037AF2}.Release-Static|x86.Build.0 = Release|Win32
		{392C0116-BA28-41BE-9439-E0248522C0E7}.Debug-DLL|x64.ActiveCfg = Debug-DLL|x64
		{392C0116-BA28-41BE-9439-E0248522C0E7}.Debug-DLL|x64.Build.0 = Debug-DLL|x64
		{392C0116-BA28-41BE-9439-E0248522C0E7}.Debug-DLL|x86.ActiveCfg = Debug-DLL|Win32
		{392C0116-BA28-41BE-9439-E0248522C0E7}.Debug-DLL|x86.Build.0 = Debug-DLL|Win32
		{392C0116-BA28-41BE-9439-E0248522C0E7}.Debug-Static|x64.ActiveCfg = Debug|x64
		{392C0116-BA28-41BE-9439-E0248522C0E7}.Debug-Static|x64.Build.0 = Debug|x64
		{392C0116-BA28-41BE-9439-E0248522C0E7}.Debug-Static|x86.ActiveCfg = Debug|Win32
		{392C0116-BA28-41BE-9439-E0248522C0E7}.Debug-Static|x86.Build.0 = Debug|Win32
		{392C0116-BA28-41BE-9439-E0248522C0E7}.Release-DLL|x64.ActiveCfg = Release-DLL|x64
		{392C0116-BA28-41BE-9439-E0248522C0E7}.Release-DLL|x64.Build.0 = Release-DLL|x64
		{392C0116-BA28-41BE-9439-E0248522C0E7}.Release-DLL|x86.ActiveCfg = Release-DLL|Win32
		{392C0116-BA28-41BE-9439-E0248522C0E7}.Release-DLL|x86.Build.0 = Release-DLL|Win32
		{392C0116-BA28-41BE-9439-E0248522C0E7}.Release-Static|x64.ActiveCfg = Release|x64
		{392C0116-BA28-41BE-9439-E0248522C0E7}.Release-Static|x64.Build.0 = Release|x64
		{392C0116-BA28-41BE-9439-E0248522C0E7}.Release-Static|x86.ActiveCfg = Release|Win32
		{392C0116-BA28-41BE-9439-E0248522C0E7}.Release-Static|x86.Build.0 = Release|Win32
		{48D28224-DB5D-41AC-B9AE-080F230083F2}.Debug-DLL|x64.ActiveCfg = Debug-DLL|x64
		{48D28224-DB5D-41AC-B9AE-080F230083F2}.Debug-DLL|x64.Build.0 = Debug-DLL|x64
		{48D28224-DB5D-41AC-B9AE-080F230083F2}.Debug-DLL|x86.ActiveCfg = Debug-DLL|Win32
		{48D28224-DB5D-41AC-B9AE-080F230083F2}.Debug-DLL|x86.Build.0 = Debug-DLL|Win32
		{48D28224-DB5D-41AC-B9AE-080F230083F2}.Debug-Static|x64.ActiveCfg = Debug|x64
		{48D28224-DB5D-41AC-B9AE-080F230083F2}.Debug-Static|x64.Build.0 = Debug|x64
		{48D28224-DB5D-41AC-B9AE-080F230083F2}.Debug-Static|x86.ActiveCfg = Debug|Win32
		{48D28224-DB5D-41AC-B9AE-080F230083F2}.Debug-Static|x86.Build.0 = Debug|Win32
		{48D28224-DB5D-41AC-B9AE-080F230083F2}.Release-DLL|x64.ActiveCfg = Release-DLL|x64
		{48D28224-DB5D-41AC-B9AE-080F230083F2}.Release-DLL|x64.Build.0 = Release-DLL|x64
		{48D28224-DB5D-41AC-B9AE-080F230083F2}.Release-DLL|x86.ActiveCfg = Release-DLL|Win32
		{48D28224-DB5D-41AC-B9AE-080F230083F2}.Release-DLL|x86.Build.0 = Release-DLL|Win32
		{48D28224-DB5D-41AC-B9AE-080F230083F2}.Release-Static|x64.ActiveCfg = Release|x64
		{48D28224-DB5D-41AC-B9AE-080F230083F2}.Release-Static|x64.Build.0 = Release|x64
		{48D28224-DB5D-41AC-B9AE-080F230083F2}.Release-Static|x86.ActiveCfg = Release|Win32
		{48D28224-DB5D-41AC-B9AE-080F230083F2}.Release-Static|x86.Build.0 = Release|Win32
		{CB8ECB60-8C6B-4804-BBBF-DACAAED773AC}.Debug-DLL|x64.ActiveCfg = Debug-DLL|x64
		{CB8ECB60-8C6B-4804-BBBF-DACAAED773AC}.Debug-DLL|x64.Build.0 = Debug-DLL|x64
		{CB8ECB60-8C6B-4804-BBBF-DACAAED773AC}.Debug-DLL|x86.ActiveCfg = Debug-DLL|Win32
		{CB8ECB60-8C6B-4804-BBBF-DACAAED773AC}.Debug-DLL|x86.Build.0 = Debug-DLL|Win32
		{CB8ECB60-8C6B-4804-BBBF-DACAAED773AC}.Debug-Static|x64.ActiveCfg = Debug|x64
		{CB8ECB60-8C6B-4804-BBBF-DACAAED773AC}.Debug-Static|x64.Build.0 = Debug|x64
		{CB8ECB60-8C6B-4804-BBBF-DACAAED773AC}.Debug-Static|x86.ActiveCfg = Debug|Win32
		{CB8ECB60-8C6B-4804-BBBF-DACAAED773AC}.Debug-Static|x86.Build.0 = Debug|Win32
		{CB8ECB60-8C6B-4804-BBBF-DACAAED773AC}.Release-DLL|x64.ActiveCfg = Release-DLL|x64
		{CB8ECB60-8C6B-4804-BBBF-DACAAED773AC}.Release-DLL|x64.Build.0 = Release-DLL|x64
		{CB8ECB60-8C6B-4804-BBBF-DACAAED773AC}.Release-DLL|x86.ActiveCfg = Release-DLL|Win32
		{CB8ECB60-8C6B-4804-BBBF-DACAAED773AC}.Release-DLL|x86.Build.0 = Release-DLL|Win32
		{CB8ECB60-8C6B-4804-BBBF-DACAAED773AC}.Release-Static|x64.ActiveCfg = Release|x64
		{CB8ECB60-8C6B-4804-BBBF-DACAAED773AC}.Release-Static|x64.Build.0 = Release|x64
		{CB8ECB60-8C6B-4804-BBBF-DACAAED773AC}.Release-Static|x86.ActiveCfg = Release|Win32
		{CB8ECB60-8C6B-4804-BBBF-DACAAED773AC}.Release-Static|x86.Build.0 = Release|Win32
		{ECE7A458-22F2-406C-991E-36D0E579E457}.Debug-DLL|x64.ActiveCfg = Debug-DLL|x64
		{ECE7A458-22F2-406C-991E-36D0E579E457}.Debug-DLL|x64.Build.0 = Debug-DLL|x64
		{ECE7A458-22F2-406C-991E-36D0E579E457}.Debug-DLL|x86.ActiveCfg = Debug-DLL|Win32
		{ECE7A458-22F2-406C-991E-36D0E579E457}.Debug-DLL|x86.Build.0 = Debug-DLL|Win32
		{ECE7A458-22F2-406C-991E-36D0E579E457}.Debug-Static|x64.ActiveCfg = Debug|x64
		{ECE7A458-22F2-406C-991E-36D0E579E457}.Debug-Static|x64.Build.0 = Debug|x64
		{ECE7A458-22F2-406C-991E-36D0E579E457}.Debug-Static|x86.ActiveCfg = Debug|Win32
		{ECE7A458-22F2-406C-991E-36D0E579E457}.Debug-Static|x86.Build.0 = Debug|Win32
		{ECE7A458-22F2-406C-991E-36D0E579E457}.Release-DLL|x64.ActiveCfg = Release-DLL|x64
		{ECE7A458-22F2-406C-991E-36D0E579E457}.Release-DLL|x64.Build.0 = Release-DLL|x64
		{ECE7A458-22F2-406C-991E-36D0E579E457}.Release-DLL|x86.ActiveCfg = Release-DLL|Win32
		{ECE7A458-22F2-406C-991E-36D0E579E457}.Release-DLL|x86.Build.0 = Release-DLL|Win32
		{ECE7A458-22F2-406C-991E-36D0E579E457}.Release-Static|x64.ActiveCfg = Release|x64
		{ECE7A458-22F2-406C-991E-36D0E579E457}.Release-Static|x64.Build.0 = Release|x64
		{ECE7A458-22F2-406C-991E-36D0E579E457}.Release-Static|x86.ActiveCfg = Release|Win32
		{ECE7A458-22F2-406C-991E-36D0E579E457}.Release-Static|x86.Build.0 = Release|Win32
		{D1C528B6-AA02-4D29-9D61-DC08E317A70D}.Debug-DLL|x64.ActiveCfg = Debug-DLL|x64
		{D1C528B6-AA02-4D29-9D61-DC08E317A70D}.Debug-DLL|x64.Build.0 = Debug-DLL|x64
		{D1C528B6-AA02-4D29-9D61-DC08E317A70D}.Debug-DLL|x86.ActiveCfg = Debug-DLL|Win32
		{D1C528B6-AA02-4D29-9D61-DC08E317A70D}.Debug-DLL|x86.Build.0 = Debug-DLL|Win32
		{D1C528B6-AA02-4D29-9D61-DC08E317A70D}.Debug-Static|x64.ActiveCfg = Debug-DLL|x64
		{D1C528B6-AA02-4D29-9D61-DC08E317A70D}.Debug-Static|x64.Build.0 = Debug-DLL|x64
		{D1C528B6-AA02-4D29-9D61-DC08E317A70D}.Debug-Static|x86.ActiveCfg = Debug|Win32
		{D1C528B6-AA02-4D29-9D61-DC08E317A70D}.Debug-Static|x86.Build.0 = Debug|Win32
		{D1C528B6-AA02-4D29-9D61-DC08E317A70D}.Release-DLL|x64.ActiveCfg = Release-DLL|x64
		{D1C528B6-AA02-4D29-9D61-DC08E317A70D}.Release-DLL|x64.Build.0 = Release-DLL|x64
		{D1C528B6-AA02-4D29-9D61-DC08E317A70D}.Release-DLL|x86.ActiveCfg = Release-DLL|Win32
		{D1C528B6-AA02-4D29-9D61-DC08E317A70D}.Release-DLL|x86.Build.0 = Release-DLL|Win32
		{D1C528B6-AA02-4D29-9D61-DC08E317A70D}.Release-Static|x64.ActiveCfg = Release-DLL|x64
		{D1C528B6-AA02-4D29-9D61-DC08E317A70D}.Release-Static|x64.Build.0 = Release-DLL|x64
		{D1C528B6-AA02-4D29-9D61-DC08E317A70D}.Release-Static|x86.ActiveCfg = Release|Win32
		{D1C528B6-AA02-4D29-9D61-DC08E317A70D}.Release-Static|x86.Build.0 = Release|Win32
	EndGlobalSection
	GlobalSection(SolutionProperties) = preSolution
		HideSolutionNode = FALSE
	EndGlobalSection
	GlobalSection(NestedProjects) = preSolution
		{4954D18E-70A6-41B4-A6FB-88B1D9F96305} = {8564DB06-7F9E-4042-B32F-2B72606FBB18}
		{D58D2BC1-AC37-437A-BD7C-B0A97D4E4B69} = {8564DB06-7F9E-4042-B32F-2B72606FBB18}
		{A8B6EFB3-277C-42D6-A05E-78516E547F38} = {8564DB06-7F9E-4042-B32F-2B72606FBB18}
		{25B2D5F7-CF0B-48FF-A20C-66AA0155EC2F} = {BD843C91-A252-49A7-8F49-D2BCE4D45099}
		{DA49481F-E328-4C1F-927C-44F818D30472} = {BD843C91-A252-49A7-8F49-D2BCE4D45099}
		{51552B6A-E22C-40CF-94AA-D8646C9354BE} = {BD843C91-A252-49A7-8F49-D2BCE4D45099}
		{A247CFE6-877A-47B4-AB8B-8DFE7BEC1B9E} = {BD843C91-A252-49A7-8F49-D2BCE4D45099}
		{4B1E75CE-EDB7-4B7C-ACD3-8D0264DC19A1} = {490B1D53-AD4D-4B75-814F-6E340F26D7BF}
		{EECA53DC-7550-4A30-A6A8-C0194C21F91A} = {490B1D53-AD4D-4B75-814F-6E340F26D7BF}
		{33F2F2C9-62F2-40A0-AEA9-39373999798D} = {490B1D53-AD4D-4B75-814F-6E340F26D7BF}
		{6ADB1B59-6144-467C-ACF0-F5020BE17E77} = {4B1E75CE-EDB7-4B7C-ACD3-8D0264DC19A1}
		{7704536C-48E3-4524-92F4-5BD1DB721694} = {4B1E75CE-EDB7-4B7C-ACD3-8D0264DC19A1}
		{CE1C0AC7-D05B-433C-A5EE-143E15037AF2} = {EECA53DC-7550-4A30-A6A8-C0194C21F91A}
		{392C0116-BA28-41BE-9439-E0248522C0E7} = {EECA53DC-7550-4A30-A6A8-C0194C21F91A}
		{48D28224-DB5D-41AC-B9AE-080F230083F2} = {EECA53DC-7550-4A30-A6A8-C0194C21F91A}
		{CB8ECB60-8C6B-4804-BBBF-DACAAED773AC} = {EECA53DC-7550-4A30-A6A8-C0194C21F91A}
		{ECE7A458-22F2-406C-991E-36D0E579E457} = {EECA53DC-7550-4A30-A6A8-C0194C21F91A}
		{D1C528B6-AA02-4D29-9D61-DC08E317A70D} = {33F2F2C9-62F2-40A0-AEA9-39373999798D}
	EndGlobalSection
EndGlobal
