<?xml version="1.0" encoding="utf-8"?>
<Project ToolsVersion="4.0" xmlns="http://schemas.microsoft.com/developer/msbuild/2003">
  <ItemGroup>
    <Filter Include="Source Files">
      <UniqueIdentifier>{4FC737F1-C7A5-4376-A066-2A32D752A2FF}</UniqueIdentifier>
      <Extensions>cpp;c;cc;cxx;def;odl;idl;hpj;bat;asm;asmx</Extensions>
    </Filter>
    <Filter Include="Header Files">
      <UniqueIdentifier>{93995380-89BD-4b04-88EB-625FBE52EBFB}</UniqueIdentifier>
      <Extensions>h;hh;hpp;hxx;hm;inl;inc;xsd</Extensions>
    </Filter>
    <Filter Include="Resource Files">
      <UniqueIdentifier>{67DA6AB6-F800-4c08-8B7A-83BB121AAD01}</UniqueIdentifier>
      <Extensions>rc;ico;cur;bmp;dlg;rc2;rct;bin;rgs;gif;jpg;jpeg;jpe;resx;tiff;tif;png;wav;mfcribbon-ms</Extensions>
    </Filter>
  </ItemGroup>
  <ItemGroup>
    <ClInclude Include="Headers\Narzedzia\CallbackSystemInterfejs.h">
      <Filter>Header Files</Filter>
    </ClInclude>
    <ClInclude Include="Headers\Narzedzia\Singleton.h">
      <Filter>Header Files</Filter>
    </ClInclude>
    <ClInclude Include="Headers\Narzedzia\NonCopyable.h">
      <Filter>Header Files</Filter>
    </ClInclude>
    <ClInclude Include="Headers\Narzedzia\NonMoveable.h">
      <Filter>Header Files</Filter>
    </ClInclude>
    <ClInclude Include="Headers\Narzedzia\GeneratorIdentyfikatorow.h">
      <Filter>Header Files</Filter>
    </ClInclude>
    <ClInclude Include="Headers\Narzedzia\Serializacja.h">
      <Filter>Header Files</Filter>
    </ClInclude>
    <ClInclude Include="Headers\Narzedzia\MakeVector.h">
      <Filter>Header Files</Filter>
    </ClInclude>
    <ClInclude Include="Headers\Narzedzia\FPSCounter.h">
      <Filter>Header Files</Filter>
    </ClInclude>
    <ClInclude Include="Headers\Narzedzia\MenedzerTranzakcji.h">
      <Filter>Header Files</Filter>
    </ClInclude>
    <ClInclude Include="Headers\Narzedzia\Operacja.h">
      <Filter>Header Files</Filter>
    </ClInclude>
    <ClInclude Include="Headers\Narzedzia\Zlecenie.h">
      <Filter>Header Files</Filter>
    </ClInclude>
    <ClInclude Include="Headers\Narzedzia\NiepowodzenieTranzakcji.h">
      <Filter>Header Files</Filter>
    </ClInclude>
    <ClInclude Include="Headers\Narzedzia\LuaState.h">
      <Filter>Header Files</Filter>
    </ClInclude>
    <ClInclude Include="Headers\Narzedzia\SumaKontrolnaPliku.h">
      <Filter>Header Files</Filter>
    </ClInclude>
    <ClInclude Include="Headers\Narzedzia\XmlModul.h">
      <Filter>Header Files</Filter>
    </ClInclude>
    <ClInclude Include="Headers\Narzedzia\ZarzadcaZasobow.h">
      <Filter>Header Files</Filter>
    </ClInclude>
    <ClInclude Include="Headers\Narzedzia\Zasob.h">
      <Filter>Header Files</Filter>
    </ClInclude>
    <ClInclude Include="Headers\Narzedzia\DllModule.h">
      <Filter>Header Files</Filter>
    </ClInclude>
    <ClInclude Include="Headers\Narzedzia\UstawieniaAplikacji.h">
      <Filter>Header Files</Filter>
    </ClInclude>
  </ItemGroup>
  <ItemGroup>
    <ClCompile Include="GeneratorIdentyfikatorow.cpp">
      <Filter>Source Files</Filter>
    </ClCompile>
    <ClCompile Include="FPSCounter.cpp">
      <Filter>Source Files</Filter>
    </ClCompile>
    <ClCompile Include="MenedzerTranzakcji.cpp">
      <Filter>Header Files</Filter>
    </ClCompile>
    <ClCompile Include="Operacja.cpp">
      <Filter>Header Files</Filter>
    </ClCompile>
    <ClCompile Include="NiepowodzenieTranzakcji.cpp">
      <Filter>Source Files</Filter>
    </ClCompile>
    <ClCompile Include="LuaState.cpp">
      <Filter>Source Files</Filter>
    </ClCompile>
    <ClCompile Include="SumaKontrolnaPliku.cpp">
      <Filter>Source Files</Filter>
    </ClCompile>
    <ClCompile Include="XmlModul.cpp">
      <Filter>Source Files</Filter>
    </ClCompile>
    <ClCompile Include="ZarzadcaZasobow.cpp">
      <Filter>Source Files</Filter>
    </ClCompile>
    <ClCompile Include="DllModule.cpp">
      <Filter>Source Files</Filter>
    </ClCompile>
    <ClCompile Include="UstawieniaAplikacji.cpp">
      <Filter>Source Files</Filter>
    </ClCompile>
  </ItemGroup>
</Project>